
Microsoft Visual Studio Solution File, Format Version 12.00
# Visual Studio Version 16
VisualStudioVersion = 16.0.31702.278
MinimumVisualStudioVersion = 10.0.40219.1
Project("{FAE04EC0-301F-11D3-BF4B-00C04F79EFBC}") = "Batch7CodeChallenge", "Batch7CodeChallenge\Batch7CodeChallenge.csproj", "{AF56A05A-7686-45E7-B63D-14113410290F}"
EndProject
Global
	GlobalSection(SolutionConfigurationPlatforms) = preSolution
		Debug|Any CPU = Debug|Any CPU
		Release|Any CPU = Release|Any CPU
	EndGlobalSection
	GlobalSection(ProjectConfigurationPlatforms) = postSolution
		{AF56A05A-7686-45E7-B63D-14113410290F}.Debug|Any CPU.ActiveCfg = Debug|Any CPU
		{AF56A05A-7686-45E7-B63D-14113410290F}.Debug|Any CPU.Build.0 = Debug|Any CPU
		{AF56A05A-7686-45E7-B63D-14113410290F}.Release|Any CPU.ActiveCfg = Release|Any CPU
		{AF56A05A-7686-45E7-B63D-14113410290F}.Release|Any CPU.Build.0 = Release|Any CPU
	EndGlobalSection
	GlobalSection(SolutionProperties) = preSolution
		HideSolutionNode = FALSE
	EndGlobalSection
	GlobalSection(ExtensibilityGlobals) = postSolution
		SolutionGuid = {DF649B89-4D95-4C0F-B83E-BD169DEFE676}
	EndGlobalSection
EndGlobal
