
Microsoft Visual Studio Solution File, Format Version 12.00
# Visual Studio Version 16
VisualStudioVersion = 16.0.31702.278
MinimumVisualStudioVersion = 10.0.40219.1
Project("{FAE04EC0-301F-11D3-BF4B-00C04F79EFBC}") = "OyekunleFaroukCodeChallengeDec17", "OyekunleFaroukCodeChallengeDec17\OyekunleFaroukCodeChallengeDec17.csproj", "{3C91C52C-9A26-412F-82D7-267838A57E0F}"
EndProject
Global
	GlobalSection(SolutionConfigurationPlatforms) = preSolution
		Debug|Any CPU = Debug|Any CPU
		Release|Any CPU = Release|Any CPU
	EndGlobalSection
	GlobalSection(ProjectConfigurationPlatforms) = postSolution
		{3C91C52C-9A26-412F-82D7-267838A57E0F}.Debug|Any CPU.ActiveCfg = Debug|Any CPU
		{3C91C52C-9A26-412F-82D7-267838A57E0F}.Debug|Any CPU.Build.0 = Debug|Any CPU
		{3C91C52C-9A26-412F-82D7-267838A57E0F}.Release|Any CPU.ActiveCfg = Release|Any CPU
		{3C91C52C-9A26-412F-82D7-267838A57E0F}.Release|Any CPU.Build.0 = Release|Any CPU
	EndGlobalSection
	GlobalSection(SolutionProperties) = preSolution
		HideSolutionNode = FALSE
	EndGlobalSection
	GlobalSection(ExtensibilityGlobals) = postSolution
		SolutionGuid = {2CFF2198-E827-473F-A007-8DF1C9417E35}
	EndGlobalSection
EndGlobal
