
Microsoft Visual Studio Solution File, Format Version 12.00
# Visual Studio Version 16
VisualStudioVersion = 16.0.31702.278
MinimumVisualStudioVersion = 10.0.40219.1
Project("{FAE04EC0-301F-11D3-BF4B-00C04F79EFBC}") = "SpiralArray", "SpiralArray\SpiralArray.csproj", "{A846853D-4298-4758-A735-86C90236B549}"
EndProject
Global
	GlobalSection(SolutionConfigurationPlatforms) = preSolution
		Debug|Any CPU = Debug|Any CPU
		Release|Any CPU = Release|Any CPU
	EndGlobalSection
	GlobalSection(ProjectConfigurationPlatforms) = postSolution
		{A846853D-4298-4758-A735-86C90236B549}.Debug|Any CPU.ActiveCfg = Debug|Any CPU
		{A846853D-4298-4758-A735-86C90236B549}.Debug|Any CPU.Build.0 = Debug|Any CPU
		{A846853D-4298-4758-A735-86C90236B549}.Release|Any CPU.ActiveCfg = Release|Any CPU
		{A846853D-4298-4758-A735-86C90236B549}.Release|Any CPU.Build.0 = Release|Any CPU
	EndGlobalSection
	GlobalSection(SolutionProperties) = preSolution
		HideSolutionNode = FALSE
	EndGlobalSection
	GlobalSection(ExtensibilityGlobals) = postSolution
		SolutionGuid = {51920CDC-8831-444A-BA6E-5A7815F4EF3F}
	EndGlobalSection
EndGlobal
