
Microsoft Visual Studio Solution File, Format Version 12.00
# Visual Studio Version 16
VisualStudioVersion = 16.0.31702.278
MinimumVisualStudioVersion = 10.0.40219.1
Project("{FAE04EC0-301F-11D3-BF4B-00C04F79EFBC}") = "OFBusTransportationManagementSystem", "OFBusTransportationManagementSystem\OFBusTransportationManagementSystem.csproj", "{126DCDB4-324B-4716-A85D-21B29A8ACDF5}"
EndProject
Global
	GlobalSection(SolutionConfigurationPlatforms) = preSolution
		Debug|Any CPU = Debug|Any CPU
		Release|Any CPU = Release|Any CPU
	EndGlobalSection
	GlobalSection(ProjectConfigurationPlatforms) = postSolution
		{126DCDB4-324B-4716-A85D-21B29A8ACDF5}.Debug|Any CPU.ActiveCfg = Debug|Any CPU
		{126DCDB4-324B-4716-A85D-21B29A8ACDF5}.Debug|Any CPU.Build.0 = Debug|Any CPU
		{126DCDB4-324B-4716-A85D-21B29A8ACDF5}.Release|Any CPU.ActiveCfg = Release|Any CPU
		{126DCDB4-324B-4716-A85D-21B29A8ACDF5}.Release|Any CPU.Build.0 = Release|Any CPU
	EndGlobalSection
	GlobalSection(SolutionProperties) = preSolution
		HideSolutionNode = FALSE
	EndGlobalSection
	GlobalSection(ExtensibilityGlobals) = postSolution
		SolutionGuid = {FDD0E075-3036-4334-9899-302DFA1EB6FB}
	EndGlobalSection
EndGlobal
