
Microsoft Visual Studio Solution File, Format Version 12.00
# Visual Studio Version 16
VisualStudioVersion = 16.0.32002.261
MinimumVisualStudioVersion = 10.0.40219.1
Project("{FAE04EC0-301F-11D3-BF4B-00C04F79EFBC}") = "LibraryManagementSystem", "LibraryManagementSystem\LibraryManagementSystem.csproj", "{A2EC8B5E-32F9-456E-B887-46D0C69DA985}"
EndProject
Global
	GlobalSection(SolutionConfigurationPlatforms) = preSolution
		Debug|Any CPU = Debug|Any CPU
		Release|Any CPU = Release|Any CPU
	EndGlobalSection
	GlobalSection(ProjectConfigurationPlatforms) = postSolution
		{A2EC8B5E-32F9-456E-B887-46D0C69DA985}.Debug|Any CPU.ActiveCfg = Debug|Any CPU
		{A2EC8B5E-32F9-456E-B887-46D0C69DA985}.Debug|Any CPU.Build.0 = Debug|Any CPU
		{A2EC8B5E-32F9-456E-B887-46D0C69DA985}.Release|Any CPU.ActiveCfg = Release|Any CPU
		{A2EC8B5E-32F9-456E-B887-46D0C69DA985}.Release|Any CPU.Build.0 = Release|Any CPU
	EndGlobalSection
	GlobalSection(SolutionProperties) = preSolution
		HideSolutionNode = FALSE
	EndGlobalSection
	GlobalSection(ExtensibilityGlobals) = postSolution
		SolutionGuid = {2B700605-7AA1-42C9-83A9-88ED3F5375A9}
	EndGlobalSection
EndGlobal
