
Microsoft Visual Studio Solution File, Format Version 12.00
# Visual Studio Version 16
VisualStudioVersion = 16.0.31702.278
MinimumVisualStudioVersion = 10.0.40219.1
Project("{FAE04EC0-301F-11D3-BF4B-00C04F79EFBC}") = "ConsoleApp13", "ConsoleApp13\ConsoleApp13.csproj", "{1270781F-1BD1-4E90-B39F-E79F705006D7}"
EndProject
Global
	GlobalSection(SolutionConfigurationPlatforms) = preSolution
		Debug|Any CPU = Debug|Any CPU
		Release|Any CPU = Release|Any CPU
	EndGlobalSection
	GlobalSection(ProjectConfigurationPlatforms) = postSolution
		{1270781F-1BD1-4E90-B39F-E79F705006D7}.Debug|Any CPU.ActiveCfg = Debug|Any CPU
		{1270781F-1BD1-4E90-B39F-E79F705006D7}.Debug|Any CPU.Build.0 = Debug|Any CPU
		{1270781F-1BD1-4E90-B39F-E79F705006D7}.Release|Any CPU.ActiveCfg = Release|Any CPU
		{1270781F-1BD1-4E90-B39F-E79F705006D7}.Release|Any CPU.Build.0 = Release|Any CPU
	EndGlobalSection
	GlobalSection(SolutionProperties) = preSolution
		HideSolutionNode = FALSE
	EndGlobalSection
	GlobalSection(ExtensibilityGlobals) = postSolution
		SolutionGuid = {332D6F3C-963D-49AB-8B39-74F3804BA695}
	EndGlobalSection
EndGlobal
