
Microsoft Visual Studio Solution File, Format Version 12.00
# Visual Studio Version 16
VisualStudioVersion = 16.0.31702.278
MinimumVisualStudioVersion = 10.0.40219.1
Project("{FAE04EC0-301F-11D3-BF4B-00C04F79EFBC}") = "StreamClass", "StreamClass\StreamClass.csproj", "{32A9C99C-8ED4-4DBC-B8CE-A63DBCB18AD7}"
EndProject
Global
	GlobalSection(SolutionConfigurationPlatforms) = preSolution
		Debug|Any CPU = Debug|Any CPU
		Release|Any CPU = Release|Any CPU
	EndGlobalSection
	GlobalSection(ProjectConfigurationPlatforms) = postSolution
		{32A9C99C-8ED4-4DBC-B8CE-A63DBCB18AD7}.Debug|Any CPU.ActiveCfg = Debug|Any CPU
		{32A9C99C-8ED4-4DBC-B8CE-A63DBCB18AD7}.Debug|Any CPU.Build.0 = Debug|Any CPU
		{32A9C99C-8ED4-4DBC-B8CE-A63DBCB18AD7}.Release|Any CPU.ActiveCfg = Release|Any CPU
		{32A9C99C-8ED4-4DBC-B8CE-A63DBCB18AD7}.Release|Any CPU.Build.0 = Release|Any CPU
	EndGlobalSection
	GlobalSection(SolutionProperties) = preSolution
		HideSolutionNode = FALSE
	EndGlobalSection
	GlobalSection(ExtensibilityGlobals) = postSolution
		SolutionGuid = {932E7190-07E7-40CD-8D64-414D58EBD8FF}
	EndGlobalSection
EndGlobal
