
Microsoft Visual Studio Solution File, Format Version 12.00
# Visual Studio Version 16
VisualStudioVersion = 16.0.31702.278
MinimumVisualStudioVersion = 10.0.40219.1
Project("{FAE04EC0-301F-11D3-BF4B-00C04F79EFBC}") = "three method declaration", "three method declaration\three method declaration.csproj", "{805ACB51-AC46-4D43-BD7A-8B69421A8A01}"
EndProject
Global
	GlobalSection(SolutionConfigurationPlatforms) = preSolution
		Debug|Any CPU = Debug|Any CPU
		Release|Any CPU = Release|Any CPU
	EndGlobalSection
	GlobalSection(ProjectConfigurationPlatforms) = postSolution
		{805ACB51-AC46-4D43-BD7A-8B69421A8A01}.Debug|Any CPU.ActiveCfg = Debug|Any CPU
		{805ACB51-AC46-4D43-BD7A-8B69421A8A01}.Debug|Any CPU.Build.0 = Debug|Any CPU
		{805ACB51-AC46-4D43-BD7A-8B69421A8A01}.Release|Any CPU.ActiveCfg = Release|Any CPU
		{805ACB51-AC46-4D43-BD7A-8B69421A8A01}.Release|Any CPU.Build.0 = Release|Any CPU
	EndGlobalSection
	GlobalSection(SolutionProperties) = preSolution
		HideSolutionNode = FALSE
	EndGlobalSection
	GlobalSection(ExtensibilityGlobals) = postSolution
		SolutionGuid = {84FE0054-EA62-4C9F-A775-9CA029120B4E}
	EndGlobalSection
EndGlobal
