
Microsoft Visual Studio Solution File, Format Version 12.00
# Visual Studio Version 16
VisualStudioVersion = 16.0.31702.278
MinimumVisualStudioVersion = 10.0.40219.1
Project("{FAE04EC0-301F-11D3-BF4B-00C04F79EFBC}") = "ConsoleApp2", "ConsoleApp2\ConsoleApp2.csproj", "{739701BE-7E5F-43D5-B5F2-7FAC8CBB6F63}"
EndProject
Global
	GlobalSection(SolutionConfigurationPlatforms) = preSolution
		Debug|Any CPU = Debug|Any CPU
		Release|Any CPU = Release|Any CPU
	EndGlobalSection
	GlobalSection(ProjectConfigurationPlatforms) = postSolution
		{739701BE-7E5F-43D5-B5F2-7FAC8CBB6F63}.Debug|Any CPU.ActiveCfg = Debug|Any CPU
		{739701BE-7E5F-43D5-B5F2-7FAC8CBB6F63}.Debug|Any CPU.Build.0 = Debug|Any CPU
		{739701BE-7E5F-43D5-B5F2-7FAC8CBB6F63}.Release|Any CPU.ActiveCfg = Release|Any CPU
		{739701BE-7E5F-43D5-B5F2-7FAC8CBB6F63}.Release|Any CPU.Build.0 = Release|Any CPU
	EndGlobalSection
	GlobalSection(SolutionProperties) = preSolution
		HideSolutionNode = FALSE
	EndGlobalSection
	GlobalSection(ExtensibilityGlobals) = postSolution
		SolutionGuid = {BC6A3992-8CB2-493F-B4EB-837470086C47}
	EndGlobalSection
EndGlobal
