
Microsoft Visual Studio Solution File, Format Version 12.00
# Visual Studio Version 16
VisualStudioVersion = 16.0.31702.278
MinimumVisualStudioVersion = 10.0.40219.1
Project("{FAE04EC0-301F-11D3-BF4B-00C04F79EFBC}") = "Delegates", "Delegates\Delegates.csproj", "{B241E5B5-4911-4918-9D13-078EF0E94F2A}"
EndProject
Global
	GlobalSection(SolutionConfigurationPlatforms) = preSolution
		Debug|Any CPU = Debug|Any CPU
		Release|Any CPU = Release|Any CPU
	EndGlobalSection
	GlobalSection(ProjectConfigurationPlatforms) = postSolution
		{B241E5B5-4911-4918-9D13-078EF0E94F2A}.Debug|Any CPU.ActiveCfg = Debug|Any CPU
		{B241E5B5-4911-4918-9D13-078EF0E94F2A}.Debug|Any CPU.Build.0 = Debug|Any CPU
		{B241E5B5-4911-4918-9D13-078EF0E94F2A}.Release|Any CPU.ActiveCfg = Release|Any CPU
		{B241E5B5-4911-4918-9D13-078EF0E94F2A}.Release|Any CPU.Build.0 = Release|Any CPU
	EndGlobalSection
	GlobalSection(SolutionProperties) = preSolution
		HideSolutionNode = FALSE
	EndGlobalSection
	GlobalSection(ExtensibilityGlobals) = postSolution
		SolutionGuid = {4D7AEC1B-B07F-4959-8505-CAFF4D862984}
	EndGlobalSection
EndGlobal
