
Microsoft Visual Studio Solution File, Format Version 12.00
# Visual Studio Version 16
VisualStudioVersion = 16.0.31702.278
MinimumVisualStudioVersion = 10.0.40219.1
Project("{9A19103F-16F7-4668-BE54-9A1E7A4F7556}") = "ASSESSMENT ON METHOD NO 1", "ASSESSMENT ON METHOD NO 1\ASSESSMENT ON METHOD NO 1.csproj", "{732CA9FE-028B-449E-9E5F-615FE1B89B8B}"
EndProject
Project("{9A19103F-16F7-4668-BE54-9A1E7A4F7556}") = "ASSESSMENT ON METHOD NO 2", "ASSESSMENT ON METHOD NO 2\ASSESSMENT ON METHOD NO 2.csproj", "{92987342-E211-46C5-82AF-C5FDDF7EBAEF}"
EndProject
Project("{9A19103F-16F7-4668-BE54-9A1E7A4F7556}") = "ASSESSMENT ON METHOD NO 3", "ASSESSMENT ON METHOD NO 3\ASSESSMENT ON METHOD NO 3.csproj", "{11BE4D10-B464-4306-8203-0A2F2FFA1751}"
EndProject
Project("{9A19103F-16F7-4668-BE54-9A1E7A4F7556}") = "ASSESSMENT ON METHOD NO 4", "ASSESSMENT ON METHOD NO 4\ASSESSMENT ON METHOD NO 4.csproj", "{D01EB694-2283-4FA1-8EB0-ADE2BF9033F7}"
EndProject
Project("{9A19103F-16F7-4668-BE54-9A1E7A4F7556}") = "ASSESSMENT ON METHOD NO 5", "ASSESSMENT ON METHOD NO 5\ASSESSMENT ON METHOD NO 5.csproj", "{2AC2A1A6-998E-4201-BF12-7515E2B8B855}"
EndProject
Project("{9A19103F-16F7-4668-BE54-9A1E7A4F7556}") = "ASSESSMENT ON METHOD NO 6", "ASSESSMENT ON METHOD NO 6\ASSESSMENT ON METHOD NO 6.csproj", "{B8D2462B-0149-482C-9394-83AFCD9BE301}"
EndProject
Project("{9A19103F-16F7-4668-BE54-9A1E7A4F7556}") = "ASSESSMENT ON METHOD NO 7", "ASSESSMENT ON METHOD NO 7\ASSESSMENT ON METHOD NO 7.csproj", "{D93A0FDD-646B-45DD-AF5B-446E8C1B1641}"
EndProject
Project("{9A19103F-16F7-4668-BE54-9A1E7A4F7556}") = "ASSESSMENT ON METHOD NO 8", "ASSESSMENT ON METHOD NO 8\ASSESSMENT ON METHOD NO 8.csproj", "{64D0E7AF-CB2A-4DFA-BC5D-0EF4390AEC5A}"
EndProject
Project("{9A19103F-16F7-4668-BE54-9A1E7A4F7556}") = "ASSESSMENT ON METHOD NO 9", "ASSESSMENT ON METHOD NO 9\ASSESSMENT ON METHOD NO 9.csproj", "{D057F823-C382-4E1F-9CE9-B24C63752564}"
EndProject
Project("{9A19103F-16F7-4668-BE54-9A1E7A4F7556}") = "ASSESSMENT ON METHOD NO 10", "ASSESSMENT ON METHOD NO 10\ASSESSMENT ON METHOD NO 10.csproj", "{EACC7122-FBF9-4004-9B95-8F24106E7A8E}"
EndProject
Project("{9A19103F-16F7-4668-BE54-9A1E7A4F7556}") = "ASSESSMENT ON METHOD NO 11", "ASSESSMENT ON METHOD NO 11\ASSESSMENT ON METHOD NO 11.csproj", "{00EA2E55-53CA-4226-82DC-AEC0BFDD4C1B}"
EndProject
Project("{FAE04EC0-301F-11D3-BF4B-00C04F79EFBC}") = "ASSESSMENT ON METHOD NO 12", "ASSESSMENT ON METHOD NO 12\ASSESSMENT ON METHOD NO 12.csproj", "{F9354903-2127-4117-A688-7F96AB2B7A51}"
EndProject
Project("{FAE04EC0-301F-11D3-BF4B-00C04F79EFBC}") = "ASSESSMENT ON METHOD NO 13", "ASSESSMENT ON METHOD NO 13\ASSESSMENT ON METHOD NO 13.csproj", "{DF5C47E1-12DC-4459-BF52-047068A3A7DB}"
EndProject
Global
	GlobalSection(SolutionConfigurationPlatforms) = preSolution
		Debug|Any CPU = Debug|Any CPU
		Release|Any CPU = Release|Any CPU
	EndGlobalSection
	GlobalSection(ProjectConfigurationPlatforms) = postSolution
		{732CA9FE-028B-449E-9E5F-615FE1B89B8B}.Debug|Any CPU.ActiveCfg = Debug|Any CPU
		{732CA9FE-028B-449E-9E5F-615FE1B89B8B}.Debug|Any CPU.Build.0 = Debug|Any CPU
		{732CA9FE-028B-449E-9E5F-615FE1B89B8B}.Release|Any CPU.ActiveCfg = Release|Any CPU
		{732CA9FE-028B-449E-9E5F-615FE1B89B8B}.Release|Any CPU.Build.0 = Release|Any CPU
		{92987342-E211-46C5-82AF-C5FDDF7EBAEF}.Debug|Any CPU.ActiveCfg = Debug|Any CPU
		{92987342-E211-46C5-82AF-C5FDDF7EBAEF}.Debug|Any CPU.Build.0 = Debug|Any CPU
		{92987342-E211-46C5-82AF-C5FDDF7EBAEF}.Release|Any CPU.ActiveCfg = Release|Any CPU
		{92987342-E211-46C5-82AF-C5FDDF7EBAEF}.Release|Any CPU.Build.0 = Release|Any CPU
		{11BE4D10-B464-4306-8203-0A2F2FFA1751}.Debug|Any CPU.ActiveCfg = Debug|Any CPU
		{11BE4D10-B464-4306-8203-0A2F2FFA1751}.Debug|Any CPU.Build.0 = Debug|Any CPU
		{11BE4D10-B464-4306-8203-0A2F2FFA1751}.Release|Any CPU.ActiveCfg = Release|Any CPU
		{11BE4D10-B464-4306-8203-0A2F2FFA1751}.Release|Any CPU.Build.0 = Release|Any CPU
		{D01EB694-2283-4FA1-8EB0-ADE2BF9033F7}.Debug|Any CPU.ActiveCfg = Debug|Any CPU
		{D01EB694-2283-4FA1-8EB0-ADE2BF9033F7}.Debug|Any CPU.Build.0 = Debug|Any CPU
		{D01EB694-2283-4FA1-8EB0-ADE2BF9033F7}.Release|Any CPU.ActiveCfg = Release|Any CPU
		{D01EB694-2283-4FA1-8EB0-ADE2BF9033F7}.Release|Any CPU.Build.0 = Release|Any CPU
		{2AC2A1A6-998E-4201-BF12-7515E2B8B855}.Debug|Any CPU.ActiveCfg = Debug|Any CPU
		{2AC2A1A6-998E-4201-BF12-7515E2B8B855}.Debug|Any CPU.Build.0 = Debug|Any CPU
		{2AC2A1A6-998E-4201-BF12-7515E2B8B855}.Release|Any CPU.ActiveCfg = Release|Any CPU
		{2AC2A1A6-998E-4201-BF12-7515E2B8B855}.Release|Any CPU.Build.0 = Release|Any CPU
		{B8D2462B-0149-482C-9394-83AFCD9BE301}.Debug|Any CPU.ActiveCfg = Debug|Any CPU
		{B8D2462B-0149-482C-9394-83AFCD9BE301}.Debug|Any CPU.Build.0 = Debug|Any CPU
		{B8D2462B-0149-482C-9394-83AFCD9BE301}.Release|Any CPU.ActiveCfg = Release|Any CPU
		{B8D2462B-0149-482C-9394-83AFCD9BE301}.Release|Any CPU.Build.0 = Release|Any CPU
		{D93A0FDD-646B-45DD-AF5B-446E8C1B1641}.Debug|Any CPU.ActiveCfg = Debug|Any CPU
		{D93A0FDD-646B-45DD-AF5B-446E8C1B1641}.Debug|Any CPU.Build.0 = Debug|Any CPU
		{D93A0FDD-646B-45DD-AF5B-446E8C1B1641}.Release|Any CPU.ActiveCfg = Release|Any CPU
		{D93A0FDD-646B-45DD-AF5B-446E8C1B1641}.Release|Any CPU.Build.0 = Release|Any CPU
		{64D0E7AF-CB2A-4DFA-BC5D-0EF4390AEC5A}.Debug|Any CPU.ActiveCfg = Debug|Any CPU
		{64D0E7AF-CB2A-4DFA-BC5D-0EF4390AEC5A}.Debug|Any CPU.Build.0 = Debug|Any CPU
		{64D0E7AF-CB2A-4DFA-BC5D-0EF4390AEC5A}.Release|Any CPU.ActiveCfg = Release|Any CPU
		{64D0E7AF-CB2A-4DFA-BC5D-0EF4390AEC5A}.Release|Any CPU.Build.0 = Release|Any CPU
		{D057F823-C382-4E1F-9CE9-B24C63752564}.Debug|Any CPU.ActiveCfg = Debug|Any CPU
		{D057F823-C382-4E1F-9CE9-B24C63752564}.Debug|Any CPU.Build.0 = Debug|Any CPU
		{D057F823-C382-4E1F-9CE9-B24C63752564}.Release|Any CPU.ActiveCfg = Release|Any CPU
		{D057F823-C382-4E1F-9CE9-B24C63752564}.Release|Any CPU.Build.0 = Release|Any CPU
		{EACC7122-FBF9-4004-9B95-8F24106E7A8E}.Debug|Any CPU.ActiveCfg = Debug|Any CPU
		{EACC7122-FBF9-4004-9B95-8F24106E7A8E}.Debug|Any CPU.Build.0 = Debug|Any CPU
		{EACC7122-FBF9-4004-9B95-8F24106E7A8E}.Release|Any CPU.ActiveCfg = Release|Any CPU
		{EACC7122-FBF9-4004-9B95-8F24106E7A8E}.Release|Any CPU.Build.0 = Release|Any CPU
		{00EA2E55-53CA-4226-82DC-AEC0BFDD4C1B}.Debug|Any CPU.ActiveCfg = Debug|Any CPU
		{00EA2E55-53CA-4226-82DC-AEC0BFDD4C1B}.Debug|Any CPU.Build.0 = Debug|Any CPU
		{00EA2E55-53CA-4226-82DC-AEC0BFDD4C1B}.Release|Any CPU.ActiveCfg = Release|Any CPU
		{00EA2E55-53CA-4226-82DC-AEC0BFDD4C1B}.Release|Any CPU.Build.0 = Release|Any CPU
		{F9354903-2127-4117-A688-7F96AB2B7A51}.Debug|Any CPU.ActiveCfg = Debug|Any CPU
		{F9354903-2127-4117-A688-7F96AB2B7A51}.Debug|Any CPU.Build.0 = Debug|Any CPU
		{F9354903-2127-4117-A688-7F96AB2B7A51}.Release|Any CPU.ActiveCfg = Release|Any CPU
		{F9354903-2127-4117-A688-7F96AB2B7A51}.Release|Any CPU.Build.0 = Release|Any CPU
		{DF5C47E1-12DC-4459-BF52-047068A3A7DB}.Debug|Any CPU.ActiveCfg = Debug|Any CPU
		{DF5C47E1-12DC-4459-BF52-047068A3A7DB}.Debug|Any CPU.Build.0 = Debug|Any CPU
		{DF5C47E1-12DC-4459-BF52-047068A3A7DB}.Release|Any CPU.ActiveCfg = Release|Any CPU
		{DF5C47E1-12DC-4459-BF52-047068A3A7DB}.Release|Any CPU.Build.0 = Release|Any CPU
	EndGlobalSection
	GlobalSection(SolutionProperties) = preSolution
		HideSolutionNode = FALSE
	EndGlobalSection
	GlobalSection(ExtensibilityGlobals) = postSolution
		SolutionGuid = {4EB90F29-40DF-4530-AC56-28E006881A26}
	EndGlobalSection
EndGlobal
