
Microsoft Visual Studio Solution File, Format Version 12.00
# Visual Studio Version 16
VisualStudioVersion = 16.0.31702.278
MinimumVisualStudioVersion = 10.0.40219.1
Project("{FAE04EC0-301F-11D3-BF4B-00C04F79EFBC}") = "EnumAndConstant", "EnumAndConstant\EnumAndConstant.csproj", "{3459DF11-4641-4899-9BDB-4E6AE1FF0EC8}"
EndProject
Global
	GlobalSection(SolutionConfigurationPlatforms) = preSolution
		Debug|Any CPU = Debug|Any CPU
		Release|Any CPU = Release|Any CPU
	EndGlobalSection
	GlobalSection(ProjectConfigurationPlatforms) = postSolution
		{3459DF11-4641-4899-9BDB-4E6AE1FF0EC8}.Debug|Any CPU.ActiveCfg = Debug|Any CPU
		{3459DF11-4641-4899-9BDB-4E6AE1FF0EC8}.Debug|Any CPU.Build.0 = Debug|Any CPU
		{3459DF11-4641-4899-9BDB-4E6AE1FF0EC8}.Release|Any CPU.ActiveCfg = Release|Any CPU
		{3459DF11-4641-4899-9BDB-4E6AE1FF0EC8}.Release|Any CPU.Build.0 = Release|Any CPU
	EndGlobalSection
	GlobalSection(SolutionProperties) = preSolution
		HideSolutionNode = FALSE
	EndGlobalSection
	GlobalSection(ExtensibilityGlobals) = postSolution
		SolutionGuid = {F032217D-7CF5-46EE-9712-7C52FF4FDEC9}
	EndGlobalSection
EndGlobal
