
Microsoft Visual Studio Solution File, Format Version 12.00
# Visual Studio Version 16
VisualStudioVersion = 16.0.31702.278
MinimumVisualStudioVersion = 10.0.40219.1
Project("{9A19103F-16F7-4668-BE54-9A1E7A4F7556}") = "NOVEMBER.9. ASSIGNMENT", "NOVEMBER.9. ASSIGNMENT\NOVEMBER.9. ASSIGNMENT.csproj", "{245A7418-C35D-4A34-A2FF-BD66627AB0DB}"
EndProject
Project("{9A19103F-16F7-4668-BE54-9A1E7A4F7556}") = "NOVEMBER.9. ASSIGNMENT 2", "NOVEMBER.9. ASSIGNMENT 2\NOVEMBER.9. ASSIGNMENT 2.csproj", "{F6AD7A6E-79CE-4BE6-A9F1-B19B38BD0DE0}"
EndProject
Project("{9A19103F-16F7-4668-BE54-9A1E7A4F7556}") = "NOVEMBER.9.ASSIGNMENT 3", "NOVEMBER.9.ASSIGNMENT 3\NOVEMBER.9.ASSIGNMENT 3.csproj", "{F3B83139-9BEC-477A-811E-00D18B1A812F}"
EndProject
Project("{9A19103F-16F7-4668-BE54-9A1E7A4F7556}") = "NOVEMBER.9.ASSIGNMENT 4", "NOVEMBER.9.ASSIGNMENT 4\NOVEMBER.9.ASSIGNMENT 4.csproj", "{716CDF92-374C-40E0-8815-94E2BE6006D2}"
EndProject
Project("{9A19103F-16F7-4668-BE54-9A1E7A4F7556}") = "NOVEMBER.9.ASSIGNMENT 5", "NOVEMBER.9.ASSIGNMENT 5\NOVEMBER.9.ASSIGNMENT 5.csproj", "{59712D21-83ED-41A1-B007-AD739505C27E}"
EndProject
Project("{9A19103F-16F7-4668-BE54-9A1E7A4F7556}") = "NOVEMBER.9.ASSIGNMENT 6", "NOVEMBER.9.ASSIGNMENT 6\NOVEMBER.9.ASSIGNMENT 6.csproj", "{FC1F1F8E-A29E-41D2-8FB5-B9D67D3AA218}"
EndProject
Project("{9A19103F-16F7-4668-BE54-9A1E7A4F7556}") = "NOVEMBER.9.ASSIGNMENT 7", "NOVEMBER.9.ASSIGNMENT 7\NOVEMBER.9.ASSIGNMENT 7.csproj", "{3C105BE9-FDFE-4BB8-A70F-6937D259ECAB}"
EndProject
Project("{9A19103F-16F7-4668-BE54-9A1E7A4F7556}") = "NOVEMBER.9.ASSIGNMENT 8", "NOVEMBER.9.ASSIGNMENT 8\NOVEMBER.9.ASSIGNMENT 8.csproj", "{83A9FBE5-6DB9-4858-805A-B1E4A083D6F0}"
EndProject
Project("{9A19103F-16F7-4668-BE54-9A1E7A4F7556}") = "NOVEMBER.9.ASSIGNMENT 9", "NOVEMBER.9.ASSIGNMENT 9\NOVEMBER.9.ASSIGNMENT 9.csproj", "{A431A0D8-6745-4EB7-940E-17EC47E95B77}"
EndProject
Project("{9A19103F-16F7-4668-BE54-9A1E7A4F7556}") = "NOVEMBER.9.ASSIGNMENT 10", "NOVEMBER.9.ASSIGNMENT 10\NOVEMBER.9.ASSIGNMENT 10.csproj", "{B212104F-8B08-4032-A539-09A0BCD2E5A5}"
EndProject
Project("{9A19103F-16F7-4668-BE54-9A1E7A4F7556}") = "NOVEMBER.9.ASSIGNMENT 11", "NOVEMBER.9.ASSIGNMENT 11\NOVEMBER.9.ASSIGNMENT 11.csproj", "{2BA51A9D-C98C-43E1-BD4F-00312BA4B9D3}"
EndProject
Project("{9A19103F-16F7-4668-BE54-9A1E7A4F7556}") = "NOVEMBER.9.ASSIGNMENT 12", "NOVEMBER.9.ASSIGNMENT 12\NOVEMBER.9.ASSIGNMENT 12.csproj", "{AB1F0174-9AF4-4E03-81F6-6D1646FCE443}"
EndProject
Project("{9A19103F-16F7-4668-BE54-9A1E7A4F7556}") = "NOVEMBER.9.ASSIGNMENT 13", "NOVEMBER.9.ASSIGNMENT 13\NOVEMBER.9.ASSIGNMENT 13.csproj", "{0FA2B619-BF39-4B00-9E8C-1808EDBAAD59}"
EndProject
Project("{9A19103F-16F7-4668-BE54-9A1E7A4F7556}") = "NOVEMBER.9. ASSIGNMENT 14", "NOVEMBER.9. ASSIGNMENT 14\NOVEMBER.9. ASSIGNMENT 14.csproj", "{F37814BB-B99E-4D4F-94F6-EB40BA532F3E}"
EndProject
Project("{9A19103F-16F7-4668-BE54-9A1E7A4F7556}") = "NOVEMBER.9. ASSIGNMENT 15", "NOVEMBER.9. ASSIGNMENT 15\NOVEMBER.9. ASSIGNMENT 15.csproj", "{FC2D4577-AEE0-41A9-9FD7-76C5BACA5FDC}"
EndProject
Project("{9A19103F-16F7-4668-BE54-9A1E7A4F7556}") = "NOVEMBER.9. ASSIGNMENT 16", "NOVEMBER.9. ASSIGNMENT 16\NOVEMBER.9. ASSIGNMENT 16.csproj", "{FFA2D614-8A45-4AA3-AFA2-9527B79F7057}"
EndProject
Project("{FAE04EC0-301F-11D3-BF4B-00C04F79EFBC}") = "NOVEMBER.9.ASSIGNMENT 17", "NOVEMBER.9.ASSIGNMENT 17\NOVEMBER.9.ASSIGNMENT 17.csproj", "{E0BD6145-2570-4751-94B1-D327EB3589C1}"
EndProject
Project("{FAE04EC0-301F-11D3-BF4B-00C04F79EFBC}") = "NOVEMBER.9.ASSIGNMENT 18", "NOVEMBER.9.ASSIGNMENT 18\NOVEMBER.9.ASSIGNMENT 18.csproj", "{87293C4B-FEC9-4116-A3B1-6A9B76FDFDCF}"
EndProject
Project("{FAE04EC0-301F-11D3-BF4B-00C04F79EFBC}") = "NOVEMBER.9. ASSIGNMENT 19", "NOVEMBER.9. ASSIGNMENT 19\NOVEMBER.9. ASSIGNMENT 19.csproj", "{818D36E8-2D1B-48E5-8A27-0312CD2A2025}"
EndProject
Project("{FAE04EC0-301F-11D3-BF4B-00C04F79EFBC}") = "NOVEMBER.9. ASSIGNMENT 20", "NOVEMBER.9. ASSIGNMENT 20\NOVEMBER.9. ASSIGNMENT 20.csproj", "{53C11BD3-AF38-48D1-9ADC-CCA67F2FAF59}"
EndProject
Global
	GlobalSection(SolutionConfigurationPlatforms) = preSolution
		Debug|Any CPU = Debug|Any CPU
		Release|Any CPU = Release|Any CPU
	EndGlobalSection
	GlobalSection(ProjectConfigurationPlatforms) = postSolution
		{245A7418-C35D-4A34-A2FF-BD66627AB0DB}.Debug|Any CPU.ActiveCfg = Debug|Any CPU
		{245A7418-C35D-4A34-A2FF-BD66627AB0DB}.Debug|Any CPU.Build.0 = Debug|Any CPU
		{245A7418-C35D-4A34-A2FF-BD66627AB0DB}.Release|Any CPU.ActiveCfg = Release|Any CPU
		{245A7418-C35D-4A34-A2FF-BD66627AB0DB}.Release|Any CPU.Build.0 = Release|Any CPU
		{F6AD7A6E-79CE-4BE6-A9F1-B19B38BD0DE0}.Debug|Any CPU.ActiveCfg = Debug|Any CPU
		{F6AD7A6E-79CE-4BE6-A9F1-B19B38BD0DE0}.Debug|Any CPU.Build.0 = Debug|Any CPU
		{F6AD7A6E-79CE-4BE6-A9F1-B19B38BD0DE0}.Release|Any CPU.ActiveCfg = Release|Any CPU
		{F6AD7A6E-79CE-4BE6-A9F1-B19B38BD0DE0}.Release|Any CPU.Build.0 = Release|Any CPU
		{F3B83139-9BEC-477A-811E-00D18B1A812F}.Debug|Any CPU.ActiveCfg = Debug|Any CPU
		{F3B83139-9BEC-477A-811E-00D18B1A812F}.Debug|Any CPU.Build.0 = Debug|Any CPU
		{F3B83139-9BEC-477A-811E-00D18B1A812F}.Release|Any CPU.ActiveCfg = Release|Any CPU
		{F3B83139-9BEC-477A-811E-00D18B1A812F}.Release|Any CPU.Build.0 = Release|Any CPU
		{716CDF92-374C-40E0-8815-94E2BE6006D2}.Debug|Any CPU.ActiveCfg = Debug|Any CPU
		{716CDF92-374C-40E0-8815-94E2BE6006D2}.Debug|Any CPU.Build.0 = Debug|Any CPU
		{716CDF92-374C-40E0-8815-94E2BE6006D2}.Release|Any CPU.ActiveCfg = Release|Any CPU
		{716CDF92-374C-40E0-8815-94E2BE6006D2}.Release|Any CPU.Build.0 = Release|Any CPU
		{59712D21-83ED-41A1-B007-AD739505C27E}.Debug|Any CPU.ActiveCfg = Debug|Any CPU
		{59712D21-83ED-41A1-B007-AD739505C27E}.Debug|Any CPU.Build.0 = Debug|Any CPU
		{59712D21-83ED-41A1-B007-AD739505C27E}.Release|Any CPU.ActiveCfg = Release|Any CPU
		{59712D21-83ED-41A1-B007-AD739505C27E}.Release|Any CPU.Build.0 = Release|Any CPU
		{FC1F1F8E-A29E-41D2-8FB5-B9D67D3AA218}.Debug|Any CPU.ActiveCfg = Debug|Any CPU
		{FC1F1F8E-A29E-41D2-8FB5-B9D67D3AA218}.Debug|Any CPU.Build.0 = Debug|Any CPU
		{FC1F1F8E-A29E-41D2-8FB5-B9D67D3AA218}.Release|Any CPU.ActiveCfg = Release|Any CPU
		{FC1F1F8E-A29E-41D2-8FB5-B9D67D3AA218}.Release|Any CPU.Build.0 = Release|Any CPU
		{3C105BE9-FDFE-4BB8-A70F-6937D259ECAB}.Debug|Any CPU.ActiveCfg = Debug|Any CPU
		{3C105BE9-FDFE-4BB8-A70F-6937D259ECAB}.Debug|Any CPU.Build.0 = Debug|Any CPU
		{3C105BE9-FDFE-4BB8-A70F-6937D259ECAB}.Release|Any CPU.ActiveCfg = Release|Any CPU
		{3C105BE9-FDFE-4BB8-A70F-6937D259ECAB}.Release|Any CPU.Build.0 = Release|Any CPU
		{83A9FBE5-6DB9-4858-805A-B1E4A083D6F0}.Debug|Any CPU.ActiveCfg = Debug|Any CPU
		{83A9FBE5-6DB9-4858-805A-B1E4A083D6F0}.Debug|Any CPU.Build.0 = Debug|Any CPU
		{83A9FBE5-6DB9-4858-805A-B1E4A083D6F0}.Release|Any CPU.ActiveCfg = Release|Any CPU
		{83A9FBE5-6DB9-4858-805A-B1E4A083D6F0}.Release|Any CPU.Build.0 = Release|Any CPU
		{A431A0D8-6745-4EB7-940E-17EC47E95B77}.Debug|Any CPU.ActiveCfg = Debug|Any CPU
		{A431A0D8-6745-4EB7-940E-17EC47E95B77}.Debug|Any CPU.Build.0 = Debug|Any CPU
		{A431A0D8-6745-4EB7-940E-17EC47E95B77}.Release|Any CPU.ActiveCfg = Release|Any CPU
		{A431A0D8-6745-4EB7-940E-17EC47E95B77}.Release|Any CPU.Build.0 = Release|Any CPU
		{B212104F-8B08-4032-A539-09A0BCD2E5A5}.Debug|Any CPU.ActiveCfg = Debug|Any CPU
		{B212104F-8B08-4032-A539-09A0BCD2E5A5}.Debug|Any CPU.Build.0 = Debug|Any CPU
		{B212104F-8B08-4032-A539-09A0BCD2E5A5}.Release|Any CPU.ActiveCfg = Release|Any CPU
		{B212104F-8B08-4032-A539-09A0BCD2E5A5}.Release|Any CPU.Build.0 = Release|Any CPU
		{2BA51A9D-C98C-43E1-BD4F-00312BA4B9D3}.Debug|Any CPU.ActiveCfg = Debug|Any CPU
		{2BA51A9D-C98C-43E1-BD4F-00312BA4B9D3}.Debug|Any CPU.Build.0 = Debug|Any CPU
		{2BA51A9D-C98C-43E1-BD4F-00312BA4B9D3}.Release|Any CPU.ActiveCfg = Release|Any CPU
		{2BA51A9D-C98C-43E1-BD4F-00312BA4B9D3}.Release|Any CPU.Build.0 = Release|Any CPU
		{AB1F0174-9AF4-4E03-81F6-6D1646FCE443}.Debug|Any CPU.ActiveCfg = Debug|Any CPU
		{AB1F0174-9AF4-4E03-81F6-6D1646FCE443}.Debug|Any CPU.Build.0 = Debug|Any CPU
		{AB1F0174-9AF4-4E03-81F6-6D1646FCE443}.Release|Any CPU.ActiveCfg = Release|Any CPU
		{AB1F0174-9AF4-4E03-81F6-6D1646FCE443}.Release|Any CPU.Build.0 = Release|Any CPU
		{0FA2B619-BF39-4B00-9E8C-1808EDBAAD59}.Debug|Any CPU.ActiveCfg = Debug|Any CPU
		{0FA2B619-BF39-4B00-9E8C-1808EDBAAD59}.Debug|Any CPU.Build.0 = Debug|Any CPU
		{0FA2B619-BF39-4B00-9E8C-1808EDBAAD59}.Release|Any CPU.ActiveCfg = Release|Any CPU
		{0FA2B619-BF39-4B00-9E8C-1808EDBAAD59}.Release|Any CPU.Build.0 = Release|Any CPU
		{F37814BB-B99E-4D4F-94F6-EB40BA532F3E}.Debug|Any CPU.ActiveCfg = Debug|Any CPU
		{F37814BB-B99E-4D4F-94F6-EB40BA532F3E}.Debug|Any CPU.Build.0 = Debug|Any CPU
		{F37814BB-B99E-4D4F-94F6-EB40BA532F3E}.Release|Any CPU.ActiveCfg = Release|Any CPU
		{F37814BB-B99E-4D4F-94F6-EB40BA532F3E}.Release|Any CPU.Build.0 = Release|Any CPU
		{FC2D4577-AEE0-41A9-9FD7-76C5BACA5FDC}.Debug|Any CPU.ActiveCfg = Debug|Any CPU
		{FC2D4577-AEE0-41A9-9FD7-76C5BACA5FDC}.Debug|Any CPU.Build.0 = Debug|Any CPU
		{FC2D4577-AEE0-41A9-9FD7-76C5BACA5FDC}.Release|Any CPU.ActiveCfg = Release|Any CPU
		{FC2D4577-AEE0-41A9-9FD7-76C5BACA5FDC}.Release|Any CPU.Build.0 = Release|Any CPU
		{FFA2D614-8A45-4AA3-AFA2-9527B79F7057}.Debug|Any CPU.ActiveCfg = Debug|Any CPU
		{FFA2D614-8A45-4AA3-AFA2-9527B79F7057}.Debug|Any CPU.Build.0 = Debug|Any CPU
		{FFA2D614-8A45-4AA3-AFA2-9527B79F7057}.Release|Any CPU.ActiveCfg = Release|Any CPU
		{FFA2D614-8A45-4AA3-AFA2-9527B79F7057}.Release|Any CPU.Build.0 = Release|Any CPU
		{E0BD6145-2570-4751-94B1-D327EB3589C1}.Debug|Any CPU.ActiveCfg = Debug|Any CPU
		{E0BD6145-2570-4751-94B1-D327EB3589C1}.Debug|Any CPU.Build.0 = Debug|Any CPU
		{E0BD6145-2570-4751-94B1-D327EB3589C1}.Release|Any CPU.ActiveCfg = Release|Any CPU
		{E0BD6145-2570-4751-94B1-D327EB3589C1}.Release|Any CPU.Build.0 = Release|Any CPU
		{87293C4B-FEC9-4116-A3B1-6A9B76FDFDCF}.Debug|Any CPU.ActiveCfg = Debug|Any CPU
		{87293C4B-FEC9-4116-A3B1-6A9B76FDFDCF}.Debug|Any CPU.Build.0 = Debug|Any CPU
		{87293C4B-FEC9-4116-A3B1-6A9B76FDFDCF}.Release|Any CPU.ActiveCfg = Release|Any CPU
		{87293C4B-FEC9-4116-A3B1-6A9B76FDFDCF}.Release|Any CPU.Build.0 = Release|Any CPU
		{818D36E8-2D1B-48E5-8A27-0312CD2A2025}.Debug|Any CPU.ActiveCfg = Debug|Any CPU
		{818D36E8-2D1B-48E5-8A27-0312CD2A2025}.Debug|Any CPU.Build.0 = Debug|Any CPU
		{818D36E8-2D1B-48E5-8A27-0312CD2A2025}.Release|Any CPU.ActiveCfg = Release|Any CPU
		{818D36E8-2D1B-48E5-8A27-0312CD2A2025}.Release|Any CPU.Build.0 = Release|Any CPU
		{53C11BD3-AF38-48D1-9ADC-CCA67F2FAF59}.Debug|Any CPU.ActiveCfg = Debug|Any CPU
		{53C11BD3-AF38-48D1-9ADC-CCA67F2FAF59}.Debug|Any CPU.Build.0 = Debug|Any CPU
		{53C11BD3-AF38-48D1-9ADC-CCA67F2FAF59}.Release|Any CPU.ActiveCfg = Release|Any CPU
		{53C11BD3-AF38-48D1-9ADC-CCA67F2FAF59}.Release|Any CPU.Build.0 = Release|Any CPU
	EndGlobalSection
	GlobalSection(SolutionProperties) = preSolution
		HideSolutionNode = FALSE
	EndGlobalSection
	GlobalSection(ExtensibilityGlobals) = postSolution
		SolutionGuid = {B308A79E-BCDB-4D2E-BEA1-A604001A0830}
	EndGlobalSection
EndGlobal
