
Microsoft Visual Studio Solution File, Format Version 12.00
# Visual Studio Version 16
VisualStudioVersion = 16.0.31702.278
MinimumVisualStudioVersion = 10.0.40219.1
Project("{9A19103F-16F7-4668-BE54-9A1E7A4F7556}") = "QUESTION.TXT TWO", "QUESTION.TXT TWO\QUESTION.TXT TWO.csproj", "{1E75E8EA-CCCE-4056-B946-9FE61E77D6A8}"
EndProject
Project("{9A19103F-16F7-4668-BE54-9A1E7A4F7556}") = "TestStatement", "TestStatement\TestStatement.csproj", "{7FE115F3-D6F3-4990-8871-C251A8244DC0}"
EndProject
Project("{FAE04EC0-301F-11D3-BF4B-00C04F79EFBC}") = "noviceBasicsAssessment", "noviceBasicsAssessment\noviceBasicsAssessment.csproj", "{05C83B5F-25B3-4409-A2E1-E3373F180B52}"
EndProject
Global
	GlobalSection(SolutionConfigurationPlatforms) = preSolution
		Debug|Any CPU = Debug|Any CPU
		Release|Any CPU = Release|Any CPU
	EndGlobalSection
	GlobalSection(ProjectConfigurationPlatforms) = postSolution
		{1E75E8EA-CCCE-4056-B946-9FE61E77D6A8}.Debug|Any CPU.ActiveCfg = Debug|Any CPU
		{1E75E8EA-CCCE-4056-B946-9FE61E77D6A8}.Debug|Any CPU.Build.0 = Debug|Any CPU
		{1E75E8EA-CCCE-4056-B946-9FE61E77D6A8}.Release|Any CPU.ActiveCfg = Release|Any CPU
		{1E75E8EA-CCCE-4056-B946-9FE61E77D6A8}.Release|Any CPU.Build.0 = Release|Any CPU
		{7FE115F3-D6F3-4990-8871-C251A8244DC0}.Debug|Any CPU.ActiveCfg = Debug|Any CPU
		{7FE115F3-D6F3-4990-8871-C251A8244DC0}.Debug|Any CPU.Build.0 = Debug|Any CPU
		{7FE115F3-D6F3-4990-8871-C251A8244DC0}.Release|Any CPU.ActiveCfg = Release|Any CPU
		{7FE115F3-D6F3-4990-8871-C251A8244DC0}.Release|Any CPU.Build.0 = Release|Any CPU
		{05C83B5F-25B3-4409-A2E1-E3373F180B52}.Debug|Any CPU.ActiveCfg = Debug|Any CPU
		{05C83B5F-25B3-4409-A2E1-E3373F180B52}.Debug|Any CPU.Build.0 = Debug|Any CPU
		{05C83B5F-25B3-4409-A2E1-E3373F180B52}.Release|Any CPU.ActiveCfg = Release|Any CPU
		{05C83B5F-25B3-4409-A2E1-E3373F180B52}.Release|Any CPU.Build.0 = Release|Any CPU
	EndGlobalSection
	GlobalSection(SolutionProperties) = preSolution
		HideSolutionNode = FALSE
	EndGlobalSection
	GlobalSection(ExtensibilityGlobals) = postSolution
		SolutionGuid = {72A89638-AC58-439A-A932-C4130112A8FB}
	EndGlobalSection
EndGlobal
