
Microsoft Visual Studio Solution File, Format Version 12.00
# Visual Studio Version 16
VisualStudioVersion = 16.0.31702.278
MinimumVisualStudioVersion = 10.0.40219.1
Project("{FAE04EC0-301F-11D3-BF4B-00C04F79EFBC}") = "SchoolApp", "SchoolApp\SchoolApp.csproj", "{E77F33CC-3B64-4B60-932E-41A553144840}"
EndProject
Global
	GlobalSection(SolutionConfigurationPlatforms) = preSolution
		Debug|Any CPU = Debug|Any CPU
		Release|Any CPU = Release|Any CPU
	EndGlobalSection
	GlobalSection(ProjectConfigurationPlatforms) = postSolution
		{E77F33CC-3B64-4B60-932E-41A553144840}.Debug|Any CPU.ActiveCfg = Debug|Any CPU
		{E77F33CC-3B64-4B60-932E-41A553144840}.Debug|Any CPU.Build.0 = Debug|Any CPU
		{E77F33CC-3B64-4B60-932E-41A553144840}.Release|Any CPU.ActiveCfg = Release|Any CPU
		{E77F33CC-3B64-4B60-932E-41A553144840}.Release|Any CPU.Build.0 = Release|Any CPU
	EndGlobalSection
	GlobalSection(SolutionProperties) = preSolution
		HideSolutionNode = FALSE
	EndGlobalSection
	GlobalSection(ExtensibilityGlobals) = postSolution
		SolutionGuid = {D4C4E61E-8DE2-4D56-87D1-F72D82939760}
	EndGlobalSection
EndGlobal
