
Microsoft Visual Studio Solution File, Format Version 12.00
# Visual Studio Version 16
VisualStudioVersion = 16.0.31702.278
MinimumVisualStudioVersion = 10.0.40219.1
Project("{9A19103F-16F7-4668-BE54-9A1E7A4F7556}") = "fundamentals of computer programme assignment chapter 5", "fundamentals of computer programme assignment chapter 5\fundamentals of computer programme assignment chapter 5.csproj", "{7720C6B2-D842-47EC-A6E3-5D9240F26EBC}"
EndProject
Project("{9A19103F-16F7-4668-BE54-9A1E7A4F7556}") = "FCPA CHAPTER 5 NO 2", "FCPA CHAPTER 5 NO 2\FCPA CHAPTER 5 NO 2.csproj", "{475045F5-ACFA-4A74-8D12-E05675B02F82}"
EndProject
Project("{9A19103F-16F7-4668-BE54-9A1E7A4F7556}") = "FCPA CHAPTER 5 NO 3", "FCPA CHAPTER 5 NO 3\FCPA CHAPTER 5 NO 3.csproj", "{8BA9BDDD-27F5-4E2A-9515-8B8A3287D3BB}"
EndProject
Project("{9A19103F-16F7-4668-BE54-9A1E7A4F7556}") = "FCPA CGAPTER 5 NO 4", "FCPA CGAPTER 5 NO 4\FCPA CGAPTER 5 NO 4.csproj", "{52B7F608-CC7C-469D-AC30-37BD9B0BCFE6}"
EndProject
Project("{9A19103F-16F7-4668-BE54-9A1E7A4F7556}") = "FCPA CHAPTER 5 NO 5", "FCPA CHAPTER 5 NO 5\FCPA CHAPTER 5 NO 5.csproj", "{538CD11D-3398-4C00-A19F-F082CA3CD05D}"
EndProject
Project("{9A19103F-16F7-4668-BE54-9A1E7A4F7556}") = "FCPA CHAPTER 5 NO 6", "FCPA CHAPTER 5 NO 6\FCPA CHAPTER 5 NO 6.csproj", "{7FCF4385-6F29-49A9-AC40-446F84575604}"
EndProject
Project("{9A19103F-16F7-4668-BE54-9A1E7A4F7556}") = "FCPA CHAPTER 5 NO 7", "FCPA CHAPTER 5 NO 7\FCPA CHAPTER 5 NO 7.csproj", "{15B6D628-EA65-46A1-852D-E672E4B6DACF}"
EndProject
Project("{9A19103F-16F7-4668-BE54-9A1E7A4F7556}") = "FCPA CHAPTER 5 NO 8", "FCPA CHAPTER 5 NO 8\FCPA CHAPTER 5 NO 8.csproj", "{9CC197F6-9547-42FA-8D20-4DFA6215B22D}"
EndProject
Project("{9A19103F-16F7-4668-BE54-9A1E7A4F7556}") = "FCPA CHAPTER 5 NO 9", "FCPA CHAPTER 5 NO 9\FCPA CHAPTER 5 NO 9.csproj", "{B76DE54B-B973-4048-8A18-CB8D4D302033}"
EndProject
Project("{9A19103F-16F7-4668-BE54-9A1E7A4F7556}") = "FCPA CHAPTER 5 NO 10", "FCPA CHAPTER 5 NO 10\FCPA CHAPTER 5 NO 10.csproj", "{3CC1E66B-FB21-4C27-BAC7-0EDE8742E54D}"
EndProject
Project("{9A19103F-16F7-4668-BE54-9A1E7A4F7556}") = "FCPA CHAPTER 5 NO 11", "FCPA CHAPTER 5 NO 11\FCPA CHAPTER 5 NO 11.csproj", "{1DC29302-3C6D-4019-ACF8-57E5B3F23F5E}"
EndProject
Project("{9A19103F-16F7-4668-BE54-9A1E7A4F7556}") = "FCPA CHAPTER 6 NO 1", "FCPA CHAPTER 6 NO 1\FCPA CHAPTER 6 NO 1.csproj", "{48A610BD-38E1-482A-B73C-5AFEF51B0FAF}"
EndProject
Project("{9A19103F-16F7-4668-BE54-9A1E7A4F7556}") = "FCPA CHAPTER 6 NO 2", "FCPA CHAPTER 6 NO 2\FCPA CHAPTER 6 NO 2.csproj", "{F37725A4-680A-4833-A58E-126A4B9D54B6}"
EndProject
Project("{9A19103F-16F7-4668-BE54-9A1E7A4F7556}") = "FCPA CHAPTER 6 NO 3", "FCPA CHAPTER 6 NO 3\FCPA CHAPTER 6 NO 3.csproj", "{91F023B6-5FAC-4AAF-8F82-6104BFBD166B}"
EndProject
Project("{9A19103F-16F7-4668-BE54-9A1E7A4F7556}") = "FCPA CHAPTER 6 NO 4", "FCPA CHAPTER 6 NO 4\FCPA CHAPTER 6 NO 4.csproj", "{6587B3F5-C69F-4436-8330-E1ABB0AA41C2}"
EndProject
Project("{9A19103F-16F7-4668-BE54-9A1E7A4F7556}") = "FCPA CHAPTER 6 NO 5", "FCPA CHAPTER 6 NO 5\FCPA CHAPTER 6 NO 5.csproj", "{CB4BAAD6-2A2C-40B0-AFC4-8AA120CB1898}"
EndProject
Project("{9A19103F-16F7-4668-BE54-9A1E7A4F7556}") = "FCPA CHAPTER 6 NO 6", "FCPA CHAPTER 6 NO 6\FCPA CHAPTER 6 NO 6.csproj", "{FE1D6C6F-18E7-438A-AC71-E46ABC3D1088}"
EndProject
Project("{9A19103F-16F7-4668-BE54-9A1E7A4F7556}") = "FCPA CHAPTER 6 NO 7", "FCPA CHAPTER 6 NO 7\FCPA CHAPTER 6 NO 7.csproj", "{467C127E-9CA7-484B-B52A-C5D4DFB2F590}"
EndProject
Project("{9A19103F-16F7-4668-BE54-9A1E7A4F7556}") = "FCPA CHAPTER 6 NO 8", "FCPA CHAPTER 6 NO 8\FCPA CHAPTER 6 NO 8.csproj", "{EA006FC9-0FD2-418F-B530-2ADDA5B01C46}"
EndProject
Project("{9A19103F-16F7-4668-BE54-9A1E7A4F7556}") = "FCPA CHAPTER 6 NO 9", "FCPA CHAPTER 6 NO 9\FCPA CHAPTER 6 NO 9.csproj", "{E7AEFE47-2776-41EE-840A-5177CF4902BE}"
EndProject
Project("{9A19103F-16F7-4668-BE54-9A1E7A4F7556}") = "FCPA CHAPTER 6 NO 10", "FCPA CHAPTER 6 NO 10\FCPA CHAPTER 6 NO 10.csproj", "{6919DD45-5870-45D6-A49B-DAE917C78CB3}"
EndProject
Project("{9A19103F-16F7-4668-BE54-9A1E7A4F7556}") = "FCPA CHAPTER 6 NO 11", "FCPA CHAPTER 6 NO 11\FCPA CHAPTER 6 NO 11.csproj", "{104505B7-C91F-4E26-B4BF-CDC1FB39F624}"
EndProject
Project("{9A19103F-16F7-4668-BE54-9A1E7A4F7556}") = "FCPA CHAPTER 6 NO 12", "FCPA CHAPTER 6 NO 12\FCPA CHAPTER 6 NO 12.csproj", "{42C72756-E824-4B68-A89E-F99A86B38539}"
EndProject
Project("{9A19103F-16F7-4668-BE54-9A1E7A4F7556}") = "FCPA CHAPTER 6 NO 13", "FCPA CHAPTER 6 NO 13\FCPA CHAPTER 6 NO 13.csproj", "{43DDE76F-18E3-4B13-AB07-BBFA5B0D17EB}"
EndProject
Project("{9A19103F-16F7-4668-BE54-9A1E7A4F7556}") = "FCPA CHAPTER 6 NO 14", "FCPA CHAPTER 6 NO 14\FCPA CHAPTER 6 NO 14.csproj", "{0427C891-25F5-4C4C-BDB4-FC5C416CCE89}"
EndProject
Project("{9A19103F-16F7-4668-BE54-9A1E7A4F7556}") = "FCPA CHAPTER 6 NO 15", "FCPA CHAPTER 6 NO 15\FCPA CHAPTER 6 NO 15.csproj", "{EE205B0B-AF7A-4AE9-A16A-26848EDAE142}"
EndProject
Project("{9A19103F-16F7-4668-BE54-9A1E7A4F7556}") = "FCPA CHAPTER 6 NO 16", "FCPA CHAPTER 6 NO 16\FCPA CHAPTER 6 NO 16.csproj", "{D25CAC76-84BD-4A7C-B8A8-D5D6E1BA8D23}"
EndProject
Project("{9A19103F-16F7-4668-BE54-9A1E7A4F7556}") = "FCPA CHAPTER 6 NO 17", "FCPA CHAPTER 6 NO 17\FCPA CHAPTER 6 NO 17.csproj", "{8B1BAE16-487E-401D-973E-B7BF0FD9BD5A}"
EndProject
Project("{9A19103F-16F7-4668-BE54-9A1E7A4F7556}") = "FCPA CHAPTER 6 NO 18", "FCPA CHAPTER 6 NO 18\FCPA CHAPTER 6 NO 18.csproj", "{B8B1733C-9C5E-4015-B22B-E792AB668167}"
EndProject
Project("{9A19103F-16F7-4668-BE54-9A1E7A4F7556}") = "FCPA CHAPTER 7 NO 1", "FCPA CHAPTER 7 NO 1\FCPA CHAPTER 7 NO 1.csproj", "{5BBE6D06-3C00-4AAA-96AF-7D867EFACE15}"
EndProject
Project("{9A19103F-16F7-4668-BE54-9A1E7A4F7556}") = "FCPA CHAPTER 7 NO 2", "FCPA CHAPTER 7 NO 2\FCPA CHAPTER 7 NO 2.csproj", "{80E18ACD-CACD-4E25-9DFE-EEFDB8B8261D}"
EndProject
Project("{9A19103F-16F7-4668-BE54-9A1E7A4F7556}") = "FCPA CHAPTER 7 NO 4", "FCPA CHAPTER 7 NO 4\FCPA CHAPTER 7 NO 4.csproj", "{47F622CE-C82A-4D86-88D7-84F2A9AD6070}"
EndProject
Project("{9A19103F-16F7-4668-BE54-9A1E7A4F7556}") = "FCPA CHAPTER 7 NO 3", "FCPA CHAPTER 7 NO 3\FCPA CHAPTER 7 NO 3.csproj", "{86294638-52D0-4141-9FB8-2AC13F358F3B}"
EndProject
Project("{9A19103F-16F7-4668-BE54-9A1E7A4F7556}") = "FCPA CHAPTER 7 NO 5", "FCPA CHAPTER 7 NO 5\FCPA CHAPTER 7 NO 5.csproj", "{F6E1B6AC-E130-4ACE-A389-FB1AE8FE931F}"
EndProject
Project("{9A19103F-16F7-4668-BE54-9A1E7A4F7556}") = "FCPA CHAPTER 7 NO 6", "FCPA CHAPTER 7 NO 6\FCPA CHAPTER 7 NO 6.csproj", "{10AD78B4-7730-44E1-9E62-BB729F54926B}"
EndProject
Project("{9A19103F-16F7-4668-BE54-9A1E7A4F7556}") = "FCPA CHAPTER 7 NO 7", "FCPA CHAPTER 7 NO 7\FCPA CHAPTER 7 NO 7.csproj", "{58CB765D-7102-4109-8A9E-78B7755796D2}"
EndProject
Project("{9A19103F-16F7-4668-BE54-9A1E7A4F7556}") = "FCPA CHAPTER 7 NO 8", "FCPA CHAPTER 7 NO 8\FCPA CHAPTER 7 NO 8.csproj", "{09CBA01E-696C-40A9-9D42-A8CCC13059F7}"
EndProject
Project("{9A19103F-16F7-4668-BE54-9A1E7A4F7556}") = "FCPA CHAPTER 7 NO 9", "FCPA CHAPTER 7 NO 9\FCPA CHAPTER 7 NO 9.csproj", "{F26BB228-189D-4D83-BAD0-6312281B4901}"
EndProject
Project("{9A19103F-16F7-4668-BE54-9A1E7A4F7556}") = "FCPA CHAPTER 7 NO 10", "FCPA CHAPTER 7 NO 10\FCPA CHAPTER 7 NO 10.csproj", "{AA85DC47-9DED-492E-853E-39812206B47F}"
EndProject
Project("{9A19103F-16F7-4668-BE54-9A1E7A4F7556}") = "FCPA CHAPTER 7 NO 11", "FCPA CHAPTER 7 NO 11\FCPA CHAPTER 7 NO 11.csproj", "{0A1568DC-4307-410B-9C6A-7DF8D903FDEF}"
EndProject
Project("{9A19103F-16F7-4668-BE54-9A1E7A4F7556}") = "FCPA CHAPTER 7 NO 12", "FCPA CHAPTER 7 NO 12\FCPA CHAPTER 7 NO 12.csproj", "{3046E88A-BF1C-45AC-A458-14DE2D4E6CA5}"
EndProject
Project("{9A19103F-16F7-4668-BE54-9A1E7A4F7556}") = "FCPA CHAPTER 7 NO 13", "FCPA CHAPTER 7 NO 13\FCPA CHAPTER 7 NO 13.csproj", "{110016C0-1892-439F-8225-F958EAB6B195}"
EndProject
Project("{9A19103F-16F7-4668-BE54-9A1E7A4F7556}") = "FCPA CHAPTER 7 NO 14", "FCPA CHAPTER 7 NO 14\FCPA CHAPTER 7 NO 14.csproj", "{09085005-7506-4207-9255-466FB700572F}"
EndProject
Project("{9A19103F-16F7-4668-BE54-9A1E7A4F7556}") = "FCPA CHAPTER 7 NO 15", "FCPA CHAPTER 7 NO 15\FCPA CHAPTER 7 NO 15.csproj", "{10A09B97-9298-4F7F-A6B8-2A82DEC2F6BD}"
EndProject
Project("{9A19103F-16F7-4668-BE54-9A1E7A4F7556}") = "FCPA CHAPTER 7 NO 16", "FCPA CHAPTER 7 NO 16\FCPA CHAPTER 7 NO 16.csproj", "{5E9AEB3A-2221-4B2A-A20B-B41F98CEBDD9}"
EndProject
Project("{9A19103F-16F7-4668-BE54-9A1E7A4F7556}") = "FCPA CHAPTER 7 NO 17", "FCPA CHAPTER 7 NO 17\FCPA CHAPTER 7 NO 17.csproj", "{09B4D8F3-9B64-4EF4-A0B9-D50D0648FBE1}"
EndProject
Project("{9A19103F-16F7-4668-BE54-9A1E7A4F7556}") = "FCPA CHAPTER 7 NO 18", "FCPA CHAPTER 7 NO 18\FCPA CHAPTER 7 NO 18.csproj", "{BD702658-340A-40DB-826F-353E79E4FB9A}"
EndProject
Project("{9A19103F-16F7-4668-BE54-9A1E7A4F7556}") = "FCPA CHAPTER 7 NO 19", "FCPA CHAPTER 7 NO 19\FCPA CHAPTER 7 NO 19.csproj", "{BDC4913B-B4A3-4BA1-9CEE-AB22D1C117AE}"
EndProject
Project("{9A19103F-16F7-4668-BE54-9A1E7A4F7556}") = "FCPA CHAPTER 7 NO 20", "FCPA CHAPTER 7 NO 20\FCPA CHAPTER 7 NO 20.csproj", "{C68B4320-AE44-49B1-B92E-F383BE59B06A}"
EndProject
Project("{9A19103F-16F7-4668-BE54-9A1E7A4F7556}") = "FCPA CHAPTER 7 NO 21", "FCPA CHAPTER 7 NO 21\FCPA CHAPTER 7 NO 21.csproj", "{016B5193-8C3B-4FAA-B5F7-0D31B2C3FF29}"
EndProject
Project("{9A19103F-16F7-4668-BE54-9A1E7A4F7556}") = "FCPA CHAPTER 7 NO 22", "FCPA CHAPTER 7 NO 22\FCPA CHAPTER 7 NO 22.csproj", "{87547287-99F3-4132-88F5-1BF9D06D2174}"
EndProject
Project("{9A19103F-16F7-4668-BE54-9A1E7A4F7556}") = "FCPA CHAPTER 7 NO 23", "FCPA CHAPTER 7 NO 23\FCPA CHAPTER 7 NO 23.csproj", "{4C060511-D937-4492-B2BA-CC58819D7DB9}"
EndProject
Project("{9A19103F-16F7-4668-BE54-9A1E7A4F7556}") = "FCPA CHAPTER 7 NO 24", "FCPA CHAPTER 7 NO 24\FCPA CHAPTER 7 NO 24.csproj", "{8FFA0E54-4002-4797-9490-C6648DCC05CE}"
EndProject
Project("{9A19103F-16F7-4668-BE54-9A1E7A4F7556}") = "FCPA CHAPTER 7 NO 25", "FCPA CHAPTER 7 NO 25\FCPA CHAPTER 7 NO 25.csproj", "{8A891D79-0137-4C1E-878F-B3CF94075B37}"
EndProject
Project("{9A19103F-16F7-4668-BE54-9A1E7A4F7556}") = "WEEKEND ASSESSMENT BATCH 7 NO 1", "WEEKEND ASSESSMENT BATCH 7 NO 1\WEEKEND ASSESSMENT BATCH 7 NO 1.csproj", "{B02BC922-4CA9-4AB1-A1C8-B72F73BAAF68}"
EndProject
Project("{9A19103F-16F7-4668-BE54-9A1E7A4F7556}") = "WEEKLY ASSESSMENT BATCH 7 NO 2", "WEEKLY ASSESSMENT BATCH 7 NO 2\WEEKLY ASSESSMENT BATCH 7 NO 2.csproj", "{AE05D29B-0019-4B59-8DB6-A2EEFCF3A492}"
EndProject
Project("{9A19103F-16F7-4668-BE54-9A1E7A4F7556}") = "WEEKLY ASSESSMENT BATCH 7 NO 3", "WEEKLY ASSESSMENT BATCH 7 NO 3\WEEKLY ASSESSMENT BATCH 7 NO 3.csproj", "{B8659123-4FAE-4CA3-9504-46FE9EE72EBC}"
EndProject
Project("{9A19103F-16F7-4668-BE54-9A1E7A4F7556}") = "WEEKLY ASSESSMENT BATCH 7 NO 4", "WEEKLY ASSESSMENT BATCH 7 NO 4\WEEKLY ASSESSMENT BATCH 7 NO 4.csproj", "{4402ECAB-BDD1-4084-959C-0F04C806A451}"
EndProject
Project("{FAE04EC0-301F-11D3-BF4B-00C04F79EFBC}") = "WEEKLY ASSESSMENT BATCH 7 NO 5", "WEEKLY ASSESSMENT BATCH 7 NO 5\WEEKLY ASSESSMENT BATCH 7 NO 5.csproj", "{0E7CA264-EB3B-4010-BB46-799421CF8744}"
EndProject
Project("{FAE04EC0-301F-11D3-BF4B-00C04F79EFBC}") = "WEEKLY ASSESSMENT BATCH 7 NO 6", "WEEKLY ASSESSMENT BATCH 7 NO 6\WEEKLY ASSESSMENT BATCH 7 NO 6.csproj", "{039E3D74-9406-443D-9454-31F55D19B9C4}"
EndProject
Global
	GlobalSection(SolutionConfigurationPlatforms) = preSolution
		Debug|Any CPU = Debug|Any CPU
		Release|Any CPU = Release|Any CPU
	EndGlobalSection
	GlobalSection(ProjectConfigurationPlatforms) = postSolution
		{7720C6B2-D842-47EC-A6E3-5D9240F26EBC}.Debug|Any CPU.ActiveCfg = Debug|Any CPU
		{7720C6B2-D842-47EC-A6E3-5D9240F26EBC}.Debug|Any CPU.Build.0 = Debug|Any CPU
		{7720C6B2-D842-47EC-A6E3-5D9240F26EBC}.Release|Any CPU.ActiveCfg = Release|Any CPU
		{7720C6B2-D842-47EC-A6E3-5D9240F26EBC}.Release|Any CPU.Build.0 = Release|Any CPU
		{475045F5-ACFA-4A74-8D12-E05675B02F82}.Debug|Any CPU.ActiveCfg = Debug|Any CPU
		{475045F5-ACFA-4A74-8D12-E05675B02F82}.Debug|Any CPU.Build.0 = Debug|Any CPU
		{475045F5-ACFA-4A74-8D12-E05675B02F82}.Release|Any CPU.ActiveCfg = Release|Any CPU
		{475045F5-ACFA-4A74-8D12-E05675B02F82}.Release|Any CPU.Build.0 = Release|Any CPU
		{8BA9BDDD-27F5-4E2A-9515-8B8A3287D3BB}.Debug|Any CPU.ActiveCfg = Debug|Any CPU
		{8BA9BDDD-27F5-4E2A-9515-8B8A3287D3BB}.Debug|Any CPU.Build.0 = Debug|Any CPU
		{8BA9BDDD-27F5-4E2A-9515-8B8A3287D3BB}.Release|Any CPU.ActiveCfg = Release|Any CPU
		{8BA9BDDD-27F5-4E2A-9515-8B8A3287D3BB}.Release|Any CPU.Build.0 = Release|Any CPU
		{52B7F608-CC7C-469D-AC30-37BD9B0BCFE6}.Debug|Any CPU.ActiveCfg = Debug|Any CPU
		{52B7F608-CC7C-469D-AC30-37BD9B0BCFE6}.Debug|Any CPU.Build.0 = Debug|Any CPU
		{52B7F608-CC7C-469D-AC30-37BD9B0BCFE6}.Release|Any CPU.ActiveCfg = Release|Any CPU
		{52B7F608-CC7C-469D-AC30-37BD9B0BCFE6}.Release|Any CPU.Build.0 = Release|Any CPU
		{538CD11D-3398-4C00-A19F-F082CA3CD05D}.Debug|Any CPU.ActiveCfg = Debug|Any CPU
		{538CD11D-3398-4C00-A19F-F082CA3CD05D}.Debug|Any CPU.Build.0 = Debug|Any CPU
		{538CD11D-3398-4C00-A19F-F082CA3CD05D}.Release|Any CPU.ActiveCfg = Release|Any CPU
		{538CD11D-3398-4C00-A19F-F082CA3CD05D}.Release|Any CPU.Build.0 = Release|Any CPU
		{7FCF4385-6F29-49A9-AC40-446F84575604}.Debug|Any CPU.ActiveCfg = Debug|Any CPU
		{7FCF4385-6F29-49A9-AC40-446F84575604}.Debug|Any CPU.Build.0 = Debug|Any CPU
		{7FCF4385-6F29-49A9-AC40-446F84575604}.Release|Any CPU.ActiveCfg = Release|Any CPU
		{7FCF4385-6F29-49A9-AC40-446F84575604}.Release|Any CPU.Build.0 = Release|Any CPU
		{15B6D628-EA65-46A1-852D-E672E4B6DACF}.Debug|Any CPU.ActiveCfg = Debug|Any CPU
		{15B6D628-EA65-46A1-852D-E672E4B6DACF}.Debug|Any CPU.Build.0 = Debug|Any CPU
		{15B6D628-EA65-46A1-852D-E672E4B6DACF}.Release|Any CPU.ActiveCfg = Release|Any CPU
		{15B6D628-EA65-46A1-852D-E672E4B6DACF}.Release|Any CPU.Build.0 = Release|Any CPU
		{9CC197F6-9547-42FA-8D20-4DFA6215B22D}.Debug|Any CPU.ActiveCfg = Debug|Any CPU
		{9CC197F6-9547-42FA-8D20-4DFA6215B22D}.Debug|Any CPU.Build.0 = Debug|Any CPU
		{9CC197F6-9547-42FA-8D20-4DFA6215B22D}.Release|Any CPU.ActiveCfg = Release|Any CPU
		{9CC197F6-9547-42FA-8D20-4DFA6215B22D}.Release|Any CPU.Build.0 = Release|Any CPU
		{B76DE54B-B973-4048-8A18-CB8D4D302033}.Debug|Any CPU.ActiveCfg = Debug|Any CPU
		{B76DE54B-B973-4048-8A18-CB8D4D302033}.Debug|Any CPU.Build.0 = Debug|Any CPU
		{B76DE54B-B973-4048-8A18-CB8D4D302033}.Release|Any CPU.ActiveCfg = Release|Any CPU
		{B76DE54B-B973-4048-8A18-CB8D4D302033}.Release|Any CPU.Build.0 = Release|Any CPU
		{3CC1E66B-FB21-4C27-BAC7-0EDE8742E54D}.Debug|Any CPU.ActiveCfg = Debug|Any CPU
		{3CC1E66B-FB21-4C27-BAC7-0EDE8742E54D}.Debug|Any CPU.Build.0 = Debug|Any CPU
		{3CC1E66B-FB21-4C27-BAC7-0EDE8742E54D}.Release|Any CPU.ActiveCfg = Release|Any CPU
		{3CC1E66B-FB21-4C27-BAC7-0EDE8742E54D}.Release|Any CPU.Build.0 = Release|Any CPU
		{1DC29302-3C6D-4019-ACF8-57E5B3F23F5E}.Debug|Any CPU.ActiveCfg = Debug|Any CPU
		{1DC29302-3C6D-4019-ACF8-57E5B3F23F5E}.Debug|Any CPU.Build.0 = Debug|Any CPU
		{1DC29302-3C6D-4019-ACF8-57E5B3F23F5E}.Release|Any CPU.ActiveCfg = Release|Any CPU
		{1DC29302-3C6D-4019-ACF8-57E5B3F23F5E}.Release|Any CPU.Build.0 = Release|Any CPU
		{48A610BD-38E1-482A-B73C-5AFEF51B0FAF}.Debug|Any CPU.ActiveCfg = Debug|Any CPU
		{48A610BD-38E1-482A-B73C-5AFEF51B0FAF}.Debug|Any CPU.Build.0 = Debug|Any CPU
		{48A610BD-38E1-482A-B73C-5AFEF51B0FAF}.Release|Any CPU.ActiveCfg = Release|Any CPU
		{48A610BD-38E1-482A-B73C-5AFEF51B0FAF}.Release|Any CPU.Build.0 = Release|Any CPU
		{F37725A4-680A-4833-A58E-126A4B9D54B6}.Debug|Any CPU.ActiveCfg = Debug|Any CPU
		{F37725A4-680A-4833-A58E-126A4B9D54B6}.Debug|Any CPU.Build.0 = Debug|Any CPU
		{F37725A4-680A-4833-A58E-126A4B9D54B6}.Release|Any CPU.ActiveCfg = Release|Any CPU
		{F37725A4-680A-4833-A58E-126A4B9D54B6}.Release|Any CPU.Build.0 = Release|Any CPU
		{91F023B6-5FAC-4AAF-8F82-6104BFBD166B}.Debug|Any CPU.ActiveCfg = Debug|Any CPU
		{91F023B6-5FAC-4AAF-8F82-6104BFBD166B}.Debug|Any CPU.Build.0 = Debug|Any CPU
		{91F023B6-5FAC-4AAF-8F82-6104BFBD166B}.Release|Any CPU.ActiveCfg = Release|Any CPU
		{91F023B6-5FAC-4AAF-8F82-6104BFBD166B}.Release|Any CPU.Build.0 = Release|Any CPU
		{6587B3F5-C69F-4436-8330-E1ABB0AA41C2}.Debug|Any CPU.ActiveCfg = Debug|Any CPU
		{6587B3F5-C69F-4436-8330-E1ABB0AA41C2}.Debug|Any CPU.Build.0 = Debug|Any CPU
		{6587B3F5-C69F-4436-8330-E1ABB0AA41C2}.Release|Any CPU.ActiveCfg = Release|Any CPU
		{6587B3F5-C69F-4436-8330-E1ABB0AA41C2}.Release|Any CPU.Build.0 = Release|Any CPU
		{CB4BAAD6-2A2C-40B0-AFC4-8AA120CB1898}.Debug|Any CPU.ActiveCfg = Debug|Any CPU
		{CB4BAAD6-2A2C-40B0-AFC4-8AA120CB1898}.Debug|Any CPU.Build.0 = Debug|Any CPU
		{CB4BAAD6-2A2C-40B0-AFC4-8AA120CB1898}.Release|Any CPU.ActiveCfg = Release|Any CPU
		{CB4BAAD6-2A2C-40B0-AFC4-8AA120CB1898}.Release|Any CPU.Build.0 = Release|Any CPU
		{FE1D6C6F-18E7-438A-AC71-E46ABC3D1088}.Debug|Any CPU.ActiveCfg = Debug|Any CPU
		{FE1D6C6F-18E7-438A-AC71-E46ABC3D1088}.Debug|Any CPU.Build.0 = Debug|Any CPU
		{FE1D6C6F-18E7-438A-AC71-E46ABC3D1088}.Release|Any CPU.ActiveCfg = Release|Any CPU
		{FE1D6C6F-18E7-438A-AC71-E46ABC3D1088}.Release|Any CPU.Build.0 = Release|Any CPU
		{467C127E-9CA7-484B-B52A-C5D4DFB2F590}.Debug|Any CPU.ActiveCfg = Debug|Any CPU
		{467C127E-9CA7-484B-B52A-C5D4DFB2F590}.Debug|Any CPU.Build.0 = Debug|Any CPU
		{467C127E-9CA7-484B-B52A-C5D4DFB2F590}.Release|Any CPU.ActiveCfg = Release|Any CPU
		{467C127E-9CA7-484B-B52A-C5D4DFB2F590}.Release|Any CPU.Build.0 = Release|Any CPU
		{EA006FC9-0FD2-418F-B530-2ADDA5B01C46}.Debug|Any CPU.ActiveCfg = Debug|Any CPU
		{EA006FC9-0FD2-418F-B530-2ADDA5B01C46}.Debug|Any CPU.Build.0 = Debug|Any CPU
		{EA006FC9-0FD2-418F-B530-2ADDA5B01C46}.Release|Any CPU.ActiveCfg = Release|Any CPU
		{EA006FC9-0FD2-418F-B530-2ADDA5B01C46}.Release|Any CPU.Build.0 = Release|Any CPU
		{E7AEFE47-2776-41EE-840A-5177CF4902BE}.Debug|Any CPU.ActiveCfg = Debug|Any CPU
		{E7AEFE47-2776-41EE-840A-5177CF4902BE}.Debug|Any CPU.Build.0 = Debug|Any CPU
		{E7AEFE47-2776-41EE-840A-5177CF4902BE}.Release|Any CPU.ActiveCfg = Release|Any CPU
		{E7AEFE47-2776-41EE-840A-5177CF4902BE}.Release|Any CPU.Build.0 = Release|Any CPU
		{6919DD45-5870-45D6-A49B-DAE917C78CB3}.Debug|Any CPU.ActiveCfg = Debug|Any CPU
		{6919DD45-5870-45D6-A49B-DAE917C78CB3}.Debug|Any CPU.Build.0 = Debug|Any CPU
		{6919DD45-5870-45D6-A49B-DAE917C78CB3}.Release|Any CPU.ActiveCfg = Release|Any CPU
		{6919DD45-5870-45D6-A49B-DAE917C78CB3}.Release|Any CPU.Build.0 = Release|Any CPU
		{104505B7-C91F-4E26-B4BF-CDC1FB39F624}.Debug|Any CPU.ActiveCfg = Debug|Any CPU
		{104505B7-C91F-4E26-B4BF-CDC1FB39F624}.Debug|Any CPU.Build.0 = Debug|Any CPU
		{104505B7-C91F-4E26-B4BF-CDC1FB39F624}.Release|Any CPU.ActiveCfg = Release|Any CPU
		{104505B7-C91F-4E26-B4BF-CDC1FB39F624}.Release|Any CPU.Build.0 = Release|Any CPU
		{42C72756-E824-4B68-A89E-F99A86B38539}.Debug|Any CPU.ActiveCfg = Debug|Any CPU
		{42C72756-E824-4B68-A89E-F99A86B38539}.Debug|Any CPU.Build.0 = Debug|Any CPU
		{42C72756-E824-4B68-A89E-F99A86B38539}.Release|Any CPU.ActiveCfg = Release|Any CPU
		{42C72756-E824-4B68-A89E-F99A86B38539}.Release|Any CPU.Build.0 = Release|Any CPU
		{43DDE76F-18E3-4B13-AB07-BBFA5B0D17EB}.Debug|Any CPU.ActiveCfg = Debug|Any CPU
		{43DDE76F-18E3-4B13-AB07-BBFA5B0D17EB}.Debug|Any CPU.Build.0 = Debug|Any CPU
		{43DDE76F-18E3-4B13-AB07-BBFA5B0D17EB}.Release|Any CPU.ActiveCfg = Release|Any CPU
		{43DDE76F-18E3-4B13-AB07-BBFA5B0D17EB}.Release|Any CPU.Build.0 = Release|Any CPU
		{0427C891-25F5-4C4C-BDB4-FC5C416CCE89}.Debug|Any CPU.ActiveCfg = Debug|Any CPU
		{0427C891-25F5-4C4C-BDB4-FC5C416CCE89}.Debug|Any CPU.Build.0 = Debug|Any CPU
		{0427C891-25F5-4C4C-BDB4-FC5C416CCE89}.Release|Any CPU.ActiveCfg = Release|Any CPU
		{0427C891-25F5-4C4C-BDB4-FC5C416CCE89}.Release|Any CPU.Build.0 = Release|Any CPU
		{EE205B0B-AF7A-4AE9-A16A-26848EDAE142}.Debug|Any CPU.ActiveCfg = Debug|Any CPU
		{EE205B0B-AF7A-4AE9-A16A-26848EDAE142}.Debug|Any CPU.Build.0 = Debug|Any CPU
		{EE205B0B-AF7A-4AE9-A16A-26848EDAE142}.Release|Any CPU.ActiveCfg = Release|Any CPU
		{EE205B0B-AF7A-4AE9-A16A-26848EDAE142}.Release|Any CPU.Build.0 = Release|Any CPU
		{D25CAC76-84BD-4A7C-B8A8-D5D6E1BA8D23}.Debug|Any CPU.ActiveCfg = Debug|Any CPU
		{D25CAC76-84BD-4A7C-B8A8-D5D6E1BA8D23}.Debug|Any CPU.Build.0 = Debug|Any CPU
		{D25CAC76-84BD-4A7C-B8A8-D5D6E1BA8D23}.Release|Any CPU.ActiveCfg = Release|Any CPU
		{D25CAC76-84BD-4A7C-B8A8-D5D6E1BA8D23}.Release|Any CPU.Build.0 = Release|Any CPU
		{8B1BAE16-487E-401D-973E-B7BF0FD9BD5A}.Debug|Any CPU.ActiveCfg = Debug|Any CPU
		{8B1BAE16-487E-401D-973E-B7BF0FD9BD5A}.Debug|Any CPU.Build.0 = Debug|Any CPU
		{8B1BAE16-487E-401D-973E-B7BF0FD9BD5A}.Release|Any CPU.ActiveCfg = Release|Any CPU
		{8B1BAE16-487E-401D-973E-B7BF0FD9BD5A}.Release|Any CPU.Build.0 = Release|Any CPU
		{B8B1733C-9C5E-4015-B22B-E792AB668167}.Debug|Any CPU.ActiveCfg = Debug|Any CPU
		{B8B1733C-9C5E-4015-B22B-E792AB668167}.Debug|Any CPU.Build.0 = Debug|Any CPU
		{B8B1733C-9C5E-4015-B22B-E792AB668167}.Release|Any CPU.ActiveCfg = Release|Any CPU
		{B8B1733C-9C5E-4015-B22B-E792AB668167}.Release|Any CPU.Build.0 = Release|Any CPU
		{5BBE6D06-3C00-4AAA-96AF-7D867EFACE15}.Debug|Any CPU.ActiveCfg = Debug|Any CPU
		{5BBE6D06-3C00-4AAA-96AF-7D867EFACE15}.Debug|Any CPU.Build.0 = Debug|Any CPU
		{5BBE6D06-3C00-4AAA-96AF-7D867EFACE15}.Release|Any CPU.ActiveCfg = Release|Any CPU
		{5BBE6D06-3C00-4AAA-96AF-7D867EFACE15}.Release|Any CPU.Build.0 = Release|Any CPU
		{80E18ACD-CACD-4E25-9DFE-EEFDB8B8261D}.Debug|Any CPU.ActiveCfg = Debug|Any CPU
		{80E18ACD-CACD-4E25-9DFE-EEFDB8B8261D}.Debug|Any CPU.Build.0 = Debug|Any CPU
		{80E18ACD-CACD-4E25-9DFE-EEFDB8B8261D}.Release|Any CPU.ActiveCfg = Release|Any CPU
		{80E18ACD-CACD-4E25-9DFE-EEFDB8B8261D}.Release|Any CPU.Build.0 = Release|Any CPU
		{47F622CE-C82A-4D86-88D7-84F2A9AD6070}.Debug|Any CPU.ActiveCfg = Debug|Any CPU
		{47F622CE-C82A-4D86-88D7-84F2A9AD6070}.Debug|Any CPU.Build.0 = Debug|Any CPU
		{47F622CE-C82A-4D86-88D7-84F2A9AD6070}.Release|Any CPU.ActiveCfg = Release|Any CPU
		{47F622CE-C82A-4D86-88D7-84F2A9AD6070}.Release|Any CPU.Build.0 = Release|Any CPU
		{86294638-52D0-4141-9FB8-2AC13F358F3B}.Debug|Any CPU.ActiveCfg = Debug|Any CPU
		{86294638-52D0-4141-9FB8-2AC13F358F3B}.Debug|Any CPU.Build.0 = Debug|Any CPU
		{86294638-52D0-4141-9FB8-2AC13F358F3B}.Release|Any CPU.ActiveCfg = Release|Any CPU
		{86294638-52D0-4141-9FB8-2AC13F358F3B}.Release|Any CPU.Build.0 = Release|Any CPU
		{F6E1B6AC-E130-4ACE-A389-FB1AE8FE931F}.Debug|Any CPU.ActiveCfg = Debug|Any CPU
		{F6E1B6AC-E130-4ACE-A389-FB1AE8FE931F}.Debug|Any CPU.Build.0 = Debug|Any CPU
		{F6E1B6AC-E130-4ACE-A389-FB1AE8FE931F}.Release|Any CPU.ActiveCfg = Release|Any CPU
		{F6E1B6AC-E130-4ACE-A389-FB1AE8FE931F}.Release|Any CPU.Build.0 = Release|Any CPU
		{10AD78B4-7730-44E1-9E62-BB729F54926B}.Debug|Any CPU.ActiveCfg = Debug|Any CPU
		{10AD78B4-7730-44E1-9E62-BB729F54926B}.Debug|Any CPU.Build.0 = Debug|Any CPU
		{10AD78B4-7730-44E1-9E62-BB729F54926B}.Release|Any CPU.ActiveCfg = Release|Any CPU
		{10AD78B4-7730-44E1-9E62-BB729F54926B}.Release|Any CPU.Build.0 = Release|Any CPU
		{58CB765D-7102-4109-8A9E-78B7755796D2}.Debug|Any CPU.ActiveCfg = Debug|Any CPU
		{58CB765D-7102-4109-8A9E-78B7755796D2}.Debug|Any CPU.Build.0 = Debug|Any CPU
		{58CB765D-7102-4109-8A9E-78B7755796D2}.Release|Any CPU.ActiveCfg = Release|Any CPU
		{58CB765D-7102-4109-8A9E-78B7755796D2}.Release|Any CPU.Build.0 = Release|Any CPU
		{09CBA01E-696C-40A9-9D42-A8CCC13059F7}.Debug|Any CPU.ActiveCfg = Debug|Any CPU
		{09CBA01E-696C-40A9-9D42-A8CCC13059F7}.Debug|Any CPU.Build.0 = Debug|Any CPU
		{09CBA01E-696C-40A9-9D42-A8CCC13059F7}.Release|Any CPU.ActiveCfg = Release|Any CPU
		{09CBA01E-696C-40A9-9D42-A8CCC13059F7}.Release|Any CPU.Build.0 = Release|Any CPU
		{F26BB228-189D-4D83-BAD0-6312281B4901}.Debug|Any CPU.ActiveCfg = Debug|Any CPU
		{F26BB228-189D-4D83-BAD0-6312281B4901}.Debug|Any CPU.Build.0 = Debug|Any CPU
		{F26BB228-189D-4D83-BAD0-6312281B4901}.Release|Any CPU.ActiveCfg = Release|Any CPU
		{F26BB228-189D-4D83-BAD0-6312281B4901}.Release|Any CPU.Build.0 = Release|Any CPU
		{AA85DC47-9DED-492E-853E-39812206B47F}.Debug|Any CPU.ActiveCfg = Debug|Any CPU
		{AA85DC47-9DED-492E-853E-39812206B47F}.Debug|Any CPU.Build.0 = Debug|Any CPU
		{AA85DC47-9DED-492E-853E-39812206B47F}.Release|Any CPU.ActiveCfg = Release|Any CPU
		{AA85DC47-9DED-492E-853E-39812206B47F}.Release|Any CPU.Build.0 = Release|Any CPU
		{0A1568DC-4307-410B-9C6A-7DF8D903FDEF}.Debug|Any CPU.ActiveCfg = Debug|Any CPU
		{0A1568DC-4307-410B-9C6A-7DF8D903FDEF}.Debug|Any CPU.Build.0 = Debug|Any CPU
		{0A1568DC-4307-410B-9C6A-7DF8D903FDEF}.Release|Any CPU.ActiveCfg = Release|Any CPU
		{0A1568DC-4307-410B-9C6A-7DF8D903FDEF}.Release|Any CPU.Build.0 = Release|Any CPU
		{3046E88A-BF1C-45AC-A458-14DE2D4E6CA5}.Debug|Any CPU.ActiveCfg = Debug|Any CPU
		{3046E88A-BF1C-45AC-A458-14DE2D4E6CA5}.Debug|Any CPU.Build.0 = Debug|Any CPU
		{3046E88A-BF1C-45AC-A458-14DE2D4E6CA5}.Release|Any CPU.ActiveCfg = Release|Any CPU
		{3046E88A-BF1C-45AC-A458-14DE2D4E6CA5}.Release|Any CPU.Build.0 = Release|Any CPU
		{110016C0-1892-439F-8225-F958EAB6B195}.Debug|Any CPU.ActiveCfg = Debug|Any CPU
		{110016C0-1892-439F-8225-F958EAB6B195}.Debug|Any CPU.Build.0 = Debug|Any CPU
		{110016C0-1892-439F-8225-F958EAB6B195}.Release|Any CPU.ActiveCfg = Release|Any CPU
		{110016C0-1892-439F-8225-F958EAB6B195}.Release|Any CPU.Build.0 = Release|Any CPU
		{09085005-7506-4207-9255-466FB700572F}.Debug|Any CPU.ActiveCfg = Debug|Any CPU
		{09085005-7506-4207-9255-466FB700572F}.Debug|Any CPU.Build.0 = Debug|Any CPU
		{09085005-7506-4207-9255-466FB700572F}.Release|Any CPU.ActiveCfg = Release|Any CPU
		{09085005-7506-4207-9255-466FB700572F}.Release|Any CPU.Build.0 = Release|Any CPU
		{10A09B97-9298-4F7F-A6B8-2A82DEC2F6BD}.Debug|Any CPU.ActiveCfg = Debug|Any CPU
		{10A09B97-9298-4F7F-A6B8-2A82DEC2F6BD}.Debug|Any CPU.Build.0 = Debug|Any CPU
		{10A09B97-9298-4F7F-A6B8-2A82DEC2F6BD}.Release|Any CPU.ActiveCfg = Release|Any CPU
		{10A09B97-9298-4F7F-A6B8-2A82DEC2F6BD}.Release|Any CPU.Build.0 = Release|Any CPU
		{5E9AEB3A-2221-4B2A-A20B-B41F98CEBDD9}.Debug|Any CPU.ActiveCfg = Debug|Any CPU
		{5E9AEB3A-2221-4B2A-A20B-B41F98CEBDD9}.Debug|Any CPU.Build.0 = Debug|Any CPU
		{5E9AEB3A-2221-4B2A-A20B-B41F98CEBDD9}.Release|Any CPU.ActiveCfg = Release|Any CPU
		{5E9AEB3A-2221-4B2A-A20B-B41F98CEBDD9}.Release|Any CPU.Build.0 = Release|Any CPU
		{09B4D8F3-9B64-4EF4-A0B9-D50D0648FBE1}.Debug|Any CPU.ActiveCfg = Debug|Any CPU
		{09B4D8F3-9B64-4EF4-A0B9-D50D0648FBE1}.Debug|Any CPU.Build.0 = Debug|Any CPU
		{09B4D8F3-9B64-4EF4-A0B9-D50D0648FBE1}.Release|Any CPU.ActiveCfg = Release|Any CPU
		{09B4D8F3-9B64-4EF4-A0B9-D50D0648FBE1}.Release|Any CPU.Build.0 = Release|Any CPU
		{BD702658-340A-40DB-826F-353E79E4FB9A}.Debug|Any CPU.ActiveCfg = Debug|Any CPU
		{BD702658-340A-40DB-826F-353E79E4FB9A}.Debug|Any CPU.Build.0 = Debug|Any CPU
		{BD702658-340A-40DB-826F-353E79E4FB9A}.Release|Any CPU.ActiveCfg = Release|Any CPU
		{BD702658-340A-40DB-826F-353E79E4FB9A}.Release|Any CPU.Build.0 = Release|Any CPU
		{BDC4913B-B4A3-4BA1-9CEE-AB22D1C117AE}.Debug|Any CPU.ActiveCfg = Debug|Any CPU
		{BDC4913B-B4A3-4BA1-9CEE-AB22D1C117AE}.Debug|Any CPU.Build.0 = Debug|Any CPU
		{BDC4913B-B4A3-4BA1-9CEE-AB22D1C117AE}.Release|Any CPU.ActiveCfg = Release|Any CPU
		{BDC4913B-B4A3-4BA1-9CEE-AB22D1C117AE}.Release|Any CPU.Build.0 = Release|Any CPU
		{C68B4320-AE44-49B1-B92E-F383BE59B06A}.Debug|Any CPU.ActiveCfg = Debug|Any CPU
		{C68B4320-AE44-49B1-B92E-F383BE59B06A}.Debug|Any CPU.Build.0 = Debug|Any CPU
		{C68B4320-AE44-49B1-B92E-F383BE59B06A}.Release|Any CPU.ActiveCfg = Release|Any CPU
		{C68B4320-AE44-49B1-B92E-F383BE59B06A}.Release|Any CPU.Build.0 = Release|Any CPU
		{016B5193-8C3B-4FAA-B5F7-0D31B2C3FF29}.Debug|Any CPU.ActiveCfg = Debug|Any CPU
		{016B5193-8C3B-4FAA-B5F7-0D31B2C3FF29}.Debug|Any CPU.Build.0 = Debug|Any CPU
		{016B5193-8C3B-4FAA-B5F7-0D31B2C3FF29}.Release|Any CPU.ActiveCfg = Release|Any CPU
		{016B5193-8C3B-4FAA-B5F7-0D31B2C3FF29}.Release|Any CPU.Build.0 = Release|Any CPU
		{87547287-99F3-4132-88F5-1BF9D06D2174}.Debug|Any CPU.ActiveCfg = Debug|Any CPU
		{87547287-99F3-4132-88F5-1BF9D06D2174}.Debug|Any CPU.Build.0 = Debug|Any CPU
		{87547287-99F3-4132-88F5-1BF9D06D2174}.Release|Any CPU.ActiveCfg = Release|Any CPU
		{87547287-99F3-4132-88F5-1BF9D06D2174}.Release|Any CPU.Build.0 = Release|Any CPU
		{4C060511-D937-4492-B2BA-CC58819D7DB9}.Debug|Any CPU.ActiveCfg = Debug|Any CPU
		{4C060511-D937-4492-B2BA-CC58819D7DB9}.Debug|Any CPU.Build.0 = Debug|Any CPU
		{4C060511-D937-4492-B2BA-CC58819D7DB9}.Release|Any CPU.ActiveCfg = Release|Any CPU
		{4C060511-D937-4492-B2BA-CC58819D7DB9}.Release|Any CPU.Build.0 = Release|Any CPU
		{8FFA0E54-4002-4797-9490-C6648DCC05CE}.Debug|Any CPU.ActiveCfg = Debug|Any CPU
		{8FFA0E54-4002-4797-9490-C6648DCC05CE}.Debug|Any CPU.Build.0 = Debug|Any CPU
		{8FFA0E54-4002-4797-9490-C6648DCC05CE}.Release|Any CPU.ActiveCfg = Release|Any CPU
		{8FFA0E54-4002-4797-9490-C6648DCC05CE}.Release|Any CPU.Build.0 = Release|Any CPU
		{8A891D79-0137-4C1E-878F-B3CF94075B37}.Debug|Any CPU.ActiveCfg = Debug|Any CPU
		{8A891D79-0137-4C1E-878F-B3CF94075B37}.Debug|Any CPU.Build.0 = Debug|Any CPU
		{8A891D79-0137-4C1E-878F-B3CF94075B37}.Release|Any CPU.ActiveCfg = Release|Any CPU
		{8A891D79-0137-4C1E-878F-B3CF94075B37}.Release|Any CPU.Build.0 = Release|Any CPU
		{B02BC922-4CA9-4AB1-A1C8-B72F73BAAF68}.Debug|Any CPU.ActiveCfg = Debug|Any CPU
		{B02BC922-4CA9-4AB1-A1C8-B72F73BAAF68}.Debug|Any CPU.Build.0 = Debug|Any CPU
		{B02BC922-4CA9-4AB1-A1C8-B72F73BAAF68}.Release|Any CPU.ActiveCfg = Release|Any CPU
		{B02BC922-4CA9-4AB1-A1C8-B72F73BAAF68}.Release|Any CPU.Build.0 = Release|Any CPU
		{AE05D29B-0019-4B59-8DB6-A2EEFCF3A492}.Debug|Any CPU.ActiveCfg = Debug|Any CPU
		{AE05D29B-0019-4B59-8DB6-A2EEFCF3A492}.Debug|Any CPU.Build.0 = Debug|Any CPU
		{AE05D29B-0019-4B59-8DB6-A2EEFCF3A492}.Release|Any CPU.ActiveCfg = Release|Any CPU
		{AE05D29B-0019-4B59-8DB6-A2EEFCF3A492}.Release|Any CPU.Build.0 = Release|Any CPU
		{B8659123-4FAE-4CA3-9504-46FE9EE72EBC}.Debug|Any CPU.ActiveCfg = Debug|Any CPU
		{B8659123-4FAE-4CA3-9504-46FE9EE72EBC}.Debug|Any CPU.Build.0 = Debug|Any CPU
		{B8659123-4FAE-4CA3-9504-46FE9EE72EBC}.Release|Any CPU.ActiveCfg = Release|Any CPU
		{B8659123-4FAE-4CA3-9504-46FE9EE72EBC}.Release|Any CPU.Build.0 = Release|Any CPU
		{4402ECAB-BDD1-4084-959C-0F04C806A451}.Debug|Any CPU.ActiveCfg = Debug|Any CPU
		{4402ECAB-BDD1-4084-959C-0F04C806A451}.Debug|Any CPU.Build.0 = Debug|Any CPU
		{4402ECAB-BDD1-4084-959C-0F04C806A451}.Release|Any CPU.ActiveCfg = Release|Any CPU
		{4402ECAB-BDD1-4084-959C-0F04C806A451}.Release|Any CPU.Build.0 = Release|Any CPU
		{0E7CA264-EB3B-4010-BB46-799421CF8744}.Debug|Any CPU.ActiveCfg = Debug|Any CPU
		{0E7CA264-EB3B-4010-BB46-799421CF8744}.Debug|Any CPU.Build.0 = Debug|Any CPU
		{0E7CA264-EB3B-4010-BB46-799421CF8744}.Release|Any CPU.ActiveCfg = Release|Any CPU
		{0E7CA264-EB3B-4010-BB46-799421CF8744}.Release|Any CPU.Build.0 = Release|Any CPU
		{039E3D74-9406-443D-9454-31F55D19B9C4}.Debug|Any CPU.ActiveCfg = Debug|Any CPU
		{039E3D74-9406-443D-9454-31F55D19B9C4}.Debug|Any CPU.Build.0 = Debug|Any CPU
		{039E3D74-9406-443D-9454-31F55D19B9C4}.Release|Any CPU.ActiveCfg = Release|Any CPU
		{039E3D74-9406-443D-9454-31F55D19B9C4}.Release|Any CPU.Build.0 = Release|Any CPU
	EndGlobalSection
	GlobalSection(SolutionProperties) = preSolution
		HideSolutionNode = FALSE
	EndGlobalSection
	GlobalSection(ExtensibilityGlobals) = postSolution
		SolutionGuid = {F7BDE666-0CC4-4724-8992-A26CC9F4A0A6}
	EndGlobalSection
EndGlobal
