
Microsoft Visual Studio Solution File, Format Version 12.00
# Visual Studio Version 16
VisualStudioVersion = 16.0.31702.278
MinimumVisualStudioVersion = 10.0.40219.1
Project("{FAE04EC0-301F-11D3-BF4B-00C04F79EFBC}") = "MaxOccourence", "MaxOccourence\MaxOccourence.csproj", "{94BE3ACE-E4FF-43C5-B771-44B0A98F13D2}"
EndProject
Global
	GlobalSection(SolutionConfigurationPlatforms) = preSolution
		Debug|Any CPU = Debug|Any CPU
		Release|Any CPU = Release|Any CPU
	EndGlobalSection
	GlobalSection(ProjectConfigurationPlatforms) = postSolution
		{94BE3ACE-E4FF-43C5-B771-44B0A98F13D2}.Debug|Any CPU.ActiveCfg = Debug|Any CPU
		{94BE3ACE-E4FF-43C5-B771-44B0A98F13D2}.Debug|Any CPU.Build.0 = Debug|Any CPU
		{94BE3ACE-E4FF-43C5-B771-44B0A98F13D2}.Release|Any CPU.ActiveCfg = Release|Any CPU
		{94BE3ACE-E4FF-43C5-B771-44B0A98F13D2}.Release|Any CPU.Build.0 = Release|Any CPU
	EndGlobalSection
	GlobalSection(SolutionProperties) = preSolution
		HideSolutionNode = FALSE
	EndGlobalSection
	GlobalSection(ExtensibilityGlobals) = postSolution
		SolutionGuid = {CB3FDCAE-A648-4BEE-8E2B-E4CA5A62FC5B}
	EndGlobalSection
EndGlobal
