
Microsoft Visual Studio Solution File, Format Version 12.00
# Visual Studio Version 16
VisualStudioVersion = 16.0.32002.261
MinimumVisualStudioVersion = 10.0.40219.1
Project("{FAE04EC0-301F-11D3-BF4B-00C04F79EFBC}") = "E-LearningManagementSystem", "E-LearningManagementSystem\E-LearningManagementSystem.csproj", "{FA4E1C2C-F7BC-4BE7-B982-7C749B33BA3F}"
EndProject
Global
	GlobalSection(SolutionConfigurationPlatforms) = preSolution
		Debug|Any CPU = Debug|Any CPU
		Release|Any CPU = Release|Any CPU
	EndGlobalSection
	GlobalSection(ProjectConfigurationPlatforms) = postSolution
		{FA4E1C2C-F7BC-4BE7-B982-7C749B33BA3F}.Debug|Any CPU.ActiveCfg = Debug|Any CPU
		{FA4E1C2C-F7BC-4BE7-B982-7C749B33BA3F}.Debug|Any CPU.Build.0 = Debug|Any CPU
		{FA4E1C2C-F7BC-4BE7-B982-7C749B33BA3F}.Release|Any CPU.ActiveCfg = Release|Any CPU
		{FA4E1C2C-F7BC-4BE7-B982-7C749B33BA3F}.Release|Any CPU.Build.0 = Release|Any CPU
	EndGlobalSection
	GlobalSection(SolutionProperties) = preSolution
		HideSolutionNode = FALSE
	EndGlobalSection
	GlobalSection(ExtensibilityGlobals) = postSolution
		SolutionGuid = {41A29822-3A8E-4B9F-9A77-26295BD0FA29}
	EndGlobalSection
EndGlobal
