
Microsoft Visual Studio Solution File, Format Version 12.00
# Visual Studio Version 16
VisualStudioVersion = 16.0.31702.278
MinimumVisualStudioVersion = 10.0.40219.1
Project("{FAE04EC0-301F-11D3-BF4B-00C04F79EFBC}") = "AspNetCoreWebAppDemo", "AspNetCoreWebAppDemo\AspNetCoreWebAppDemo.csproj", "{270F2D6A-F762-4B65-9B87-BE2EC07E1BE8}"
EndProject
Global
	GlobalSection(SolutionConfigurationPlatforms) = preSolution
		Debug|Any CPU = Debug|Any CPU
		Release|Any CPU = Release|Any CPU
	EndGlobalSection
	GlobalSection(ProjectConfigurationPlatforms) = postSolution
		{270F2D6A-F762-4B65-9B87-BE2EC07E1BE8}.Debug|Any CPU.ActiveCfg = Debug|Any CPU
		{270F2D6A-F762-4B65-9B87-BE2EC07E1BE8}.Debug|Any CPU.Build.0 = Debug|Any CPU
		{270F2D6A-F762-4B65-9B87-BE2EC07E1BE8}.Release|Any CPU.ActiveCfg = Release|Any CPU
		{270F2D6A-F762-4B65-9B87-BE2EC07E1BE8}.Release|Any CPU.Build.0 = Release|Any CPU
	EndGlobalSection
	GlobalSection(SolutionProperties) = preSolution
		HideSolutionNode = FALSE
	EndGlobalSection
	GlobalSection(ExtensibilityGlobals) = postSolution
		SolutionGuid = {F2C27EC3-0B77-44AF-B9B7-8FF62A7F9BC9}
	EndGlobalSection
EndGlobal
