
Microsoft Visual Studio Solution File, Format Version 12.00
# Visual Studio Version 16
VisualStudioVersion = 16.0.31702.278
MinimumVisualStudioVersion = 10.0.40219.1
Project("{FAE04EC0-301F-11D3-BF4B-00C04F79EFBC}") = "PrivateConstructor", "PrivateConstructor\PrivateConstructor.csproj", "{48309E5C-44FB-4F25-B060-B4968F6219EF}"
EndProject
Global
	GlobalSection(SolutionConfigurationPlatforms) = preSolution
		Debug|Any CPU = Debug|Any CPU
		Release|Any CPU = Release|Any CPU
	EndGlobalSection
	GlobalSection(ProjectConfigurationPlatforms) = postSolution
		{48309E5C-44FB-4F25-B060-B4968F6219EF}.Debug|Any CPU.ActiveCfg = Debug|Any CPU
		{48309E5C-44FB-4F25-B060-B4968F6219EF}.Debug|Any CPU.Build.0 = Debug|Any CPU
		{48309E5C-44FB-4F25-B060-B4968F6219EF}.Release|Any CPU.ActiveCfg = Release|Any CPU
		{48309E5C-44FB-4F25-B060-B4968F6219EF}.Release|Any CPU.Build.0 = Release|Any CPU
	EndGlobalSection
	GlobalSection(SolutionProperties) = preSolution
		HideSolutionNode = FALSE
	EndGlobalSection
	GlobalSection(ExtensibilityGlobals) = postSolution
		SolutionGuid = {DF6FC67F-D076-4809-8F7C-5434B8877012}
	EndGlobalSection
EndGlobal
